<?xml version="1.0" encoding="UTF-8"?>
<!DOCTYPE plist PUBLIC "-//Apple//DTD PLIST 1.0//EN" "http://www.apple.com/DTDs/PropertyList-1.0.dtd">
<plist version="1.0">
<dict>
	<key>archiveVersion</key>
	<string>1</string>
	<key>classes</key>
	<dict/>
	<key>objectVersion</key>
	<string>46</string>
	<key>objects</key>
	<dict>
		<key>01B057B27F2C3D3B5BE938B9</key>
		<dict>
			<key>includeInIndex</key>
			<string>1</string>
			<key>isa</key>
			<string>PBXFileReference</string>
			<key>lastKnownFileType</key>
			<string>text.xcconfig</string>
			<key>name</key>
			<string>Pods-chatTests.debug.xcconfig</string>
			<key>path</key>
			<string>Pods/Target Support Files/Pods-chatTests/Pods-chatTests.debug.xcconfig</string>
			<key>sourceTree</key>
			<string>&lt;group&gt;</string>
		</dict>
		<key>022B48AD945513D0127E68E3</key>
		<dict>
			<key>includeInIndex</key>
			<string>1</string>
			<key>isa</key>
			<string>PBXFileReference</string>
			<key>lastKnownFileType</key>
			<string>sourcecode.swift</string>
			<key>path</key>
			<string>AddChatModuleViewOutput.swift</string>
			<key>sourceTree</key>
			<string>&lt;group&gt;</string>
		</dict>
		<key>03037CB4D16E8FB66F73489B</key>
		<dict>
			<key>children</key>
			<array>
				<string>E7F2E4EA90CFF94AAC66C7E8</string>
			</array>
			<key>isa</key>
			<string>PBXGroup</string>
			<key>path</key>
			<string>Presenter</string>
			<key>sourceTree</key>
			<string>&lt;group&gt;</string>
		</dict>
		<key>055C33FFEAF0E3278BB90F56</key>
		<dict>
			<key>children</key>
			<array>
				<string>BF1B512660F2C77886A6A122</string>
				<string>F4B7D55EFA832413C494AAA6</string>
				<string>AEDE45B6DD54FE2AEE2F7074</string>
			</array>
			<key>isa</key>
			<string>PBXGroup</string>
			<key>name</key>
			<string>Interactor</string>
			<key>path</key>
			<string>Interactor</string>
			<key>sourceTree</key>
			<string>&lt;group&gt;</string>
		</dict>
		<key>064C7B6598580AC5053A3C4E</key>
		<dict>
			<key>fileRef</key>
			<string>24BDC35F67DBEAE7E3730350</string>
			<key>isa</key>
			<string>PBXBuildFile</string>
		</dict>
		<key>069688A97AEA187B5F6F528D</key>
		<dict>
			<key>children</key>
			<array>
				<string>79033EA008128BC098173897</string>
			</array>
			<key>isa</key>
			<string>PBXGroup</string>
			<key>name</key>
			<string>Presenter</string>
			<key>path</key>
			<string>Presenter</string>
			<key>sourceTree</key>
			<string>&lt;group&gt;</string>
		</dict>
		<key>06CF157EB31F3CB9975F2B26</key>
		<dict>
			<key>children</key>
			<array>
				<string>CA4ABAFCC873B52EB517487B</string>
			</array>
			<key>isa</key>
			<string>PBXGroup</string>
			<key>name</key>
			<string>Router</string>
			<key>path</key>
			<string>Router</string>
			<key>sourceTree</key>
			<string>&lt;group&gt;</string>
		</dict>
		<key>0BE5638419A60834584AF92B</key>
		<dict>
			<key>includeInIndex</key>
			<string>1</string>
			<key>isa</key>
			<string>PBXFileReference</string>
			<key>lastKnownFileType</key>
			<string>sourcecode.swift</string>
			<key>path</key>
			<string>AddChatModuleViewInput.swift</string>
			<key>sourceTree</key>
			<string>&lt;group&gt;</string>
		</dict>
		<key>0CCC8B9C6E72E1F2B0139B04</key>
		<dict>
			<key>children</key>
			<array>
				<string>39869B966BAF1A1E38CE8C3C</string>
			</array>
			<key>isa</key>
			<string>PBXGroup</string>
			<key>path</key>
			<string>Interactor</string>
			<key>sourceTree</key>
			<string>&lt;group&gt;</string>
		</dict>
		<key>0FC2A7BFAE6F902CAF7F5A68</key>
		<dict>
			<key>includeInIndex</key>
			<string>1</string>
			<key>isa</key>
			<string>PBXFileReference</string>
			<key>lastKnownFileType</key>
			<string>sourcecode.swift</string>
			<key>path</key>
			<string>AddChatModuleRouter.swift</string>
			<key>sourceTree</key>
			<string>&lt;group&gt;</string>
		</dict>
		<key>0FC9245DC4C1BD96822C7F63</key>
		<dict>
			<key>children</key>
			<array>
				<string>99A095212FB5929031F0775B</string>
			</array>
			<key>isa</key>
			<string>PBXGroup</string>
			<key>path</key>
			<string>Configurator</string>
			<key>sourceTree</key>
			<string>&lt;group&gt;</string>
		</dict>
		<key>12FF580DEFB530E30875946D</key>
		<dict>
			<key>fileRef</key>
			<string>79033EA008128BC098173897</string>
			<key>isa</key>
			<string>PBXBuildFile</string>
		</dict>
		<key>1421D2F5790E6D00B1F509AB</key>
		<dict>
			<key>children</key>
			<array>
				<string>0BE5638419A60834584AF92B</string>
				<string>022B48AD945513D0127E68E3</string>
				<string>2BD5E755B2BEBFEC366764CD</string>
			</array>
			<key>isa</key>
			<string>PBXGroup</string>
			<key>name</key>
			<string>View</string>
			<key>path</key>
			<string>View</string>
			<key>sourceTree</key>
			<string>&lt;group&gt;</string>
		</dict>
		<key>15095EDA0C2460B41CA5357E</key>
		<dict>
			<key>children</key>
			<array>
				<string>C146E835B1CE8855DFBF3A0A</string>
			</array>
			<key>isa</key>
			<string>PBXGroup</string>
			<key>name</key>
			<string>Configurator</string>
			<key>path</key>
			<string>Configurator</string>
			<key>sourceTree</key>
			<string>&lt;group&gt;</string>
		</dict>
		<key>15DF8B05879066A2B7072C82</key>
		<dict>
			<key>children</key>
			<array>
				<string>17999B597CA23594EBC035F2</string>
			</array>
			<key>isa</key>
			<string>PBXGroup</string>
			<key>path</key>
			<string>Interactor</string>
			<key>sourceTree</key>
			<string>&lt;group&gt;</string>
		</dict>
		<key>16139639B051094F678BF0B1</key>
		<dict>
			<key>children</key>
			<array>
				<string>DEE7716FACDBE70309F0AC42</string>
				<string>E82FA7C87EC42E15CADA54AD</string>
				<string>15DF8B05879066A2B7072C82</string>
				<string>C97B5679CC6AE4F93E65D7C2</string>
				<string>22E685C2A5797A931CF5FF97</string>
			</array>
			<key>isa</key>
			<string>PBXGroup</string>
			<key>path</key>
			<string>MessageModule</string>
			<key>sourceTree</key>
			<string>&lt;group&gt;</string>
		</dict>
		<key>164478ADD1A79C163B7C3948</key>
		<dict>
			<key>includeInIndex</key>
			<string>1</string>
			<key>isa</key>
			<string>PBXFileReference</string>
			<key>lastKnownFileType</key>
			<string>sourcecode.swift</string>
			<key>path</key>
			<string>ChatModuleViewController.swift</string>
			<key>sourceTree</key>
			<string>&lt;group&gt;</string>
		</dict>
		<key>168110614634FB4D2A7E061E</key>
		<dict>
			<key>includeInIndex</key>
			<string>1</string>
			<key>isa</key>
			<string>PBXFileReference</string>
			<key>lastKnownFileType</key>
			<string>text.xcconfig</string>
			<key>name</key>
			<string>Pods-chatTests.release.xcconfig</string>
			<key>path</key>
			<string>Pods/Target Support Files/Pods-chatTests/Pods-chatTests.release.xcconfig</string>
			<key>sourceTree</key>
			<string>&lt;group&gt;</string>
		</dict>
		<key>1784754AEB055A498D6376F9</key>
		<dict>
			<key>fileRef</key>
			<string>E7F2E4EA90CFF94AAC66C7E8</string>
			<key>isa</key>
			<string>PBXBuildFile</string>
		</dict>
		<key>17999B597CA23594EBC035F2</key>
		<dict>
			<key>includeInIndex</key>
			<string>1</string>
			<key>isa</key>
			<string>PBXFileReference</string>
			<key>lastKnownFileType</key>
			<string>sourcecode.swift</string>
			<key>path</key>
			<string>MessageModuleInteractorTests.swift</string>
			<key>sourceTree</key>
			<string>&lt;group&gt;</string>
		</dict>
		<key>19052B19F9490397B262E10B</key>
		<dict>
			<key>includeInIndex</key>
			<string>1</string>
			<key>isa</key>
			<string>PBXFileReference</string>
			<key>lastKnownFileType</key>
			<string>sourcecode.swift</string>
			<key>path</key>
			<string>LoginModuleInteractorOutput.swift</string>
			<key>sourceTree</key>
			<string>&lt;group&gt;</string>
		</dict>
		<key>1919DEB8C4C044D3AC8519A5</key>
		<dict>
			<key>includeInIndex</key>
			<string>1</string>
			<key>isa</key>
			<string>PBXFileReference</string>
			<key>lastKnownFileType</key>
			<string>sourcecode.swift</string>
			<key>path</key>
			<string>prefixLoginModulePresenterTests.swift</string>
			<key>sourceTree</key>
			<string>&lt;group&gt;</string>
		</dict>
		<key>1979EF66E7D06CCC50765605</key>
		<dict>
			<key>fileRef</key>
			<string>21D22443C304BEE77F1DC98D</string>
			<key>isa</key>
			<string>PBXBuildFile</string>
		</dict>
		<key>1DCD417A1F9B4AC0023C2FAD</key>
		<dict>
			<key>fileRef</key>
			<string>5A7D98B3DD5743581DDE3A94</string>
			<key>isa</key>
			<string>PBXBuildFile</string>
		</dict>
		<key>1E11DA5E22E34B9A51C4986C</key>
		<dict>
			<key>includeInIndex</key>
			<string>1</string>
			<key>isa</key>
			<string>PBXFileReference</string>
			<key>lastKnownFileType</key>
			<string>sourcecode.swift</string>
			<key>path</key>
			<string>ChatModuleViewOutput.swift</string>
			<key>sourceTree</key>
			<string>&lt;group&gt;</string>
		</dict>
		<key>1F5A59FCB641FB1374E03F91</key>
		<dict>
			<key>includeInIndex</key>
			<string>1</string>
			<key>isa</key>
			<string>PBXFileReference</string>
			<key>lastKnownFileType</key>
			<string>sourcecode.swift</string>
			<key>path</key>
			<string>ChatModuleViewInput.swift</string>
			<key>sourceTree</key>
			<string>&lt;group&gt;</string>
		</dict>
		<key>20476CABF6E06E64EB3F5707</key>
		<dict>
			<key>children</key>
			<array>
				<string>F7C039303CBD42F50D51B3BB</string>
				<string>9AC6C7C714C50366896492F7</string>
			</array>
			<key>isa</key>
			<string>PBXGroup</string>
			<key>path</key>
			<string>Router</string>
			<key>sourceTree</key>
			<string>&lt;group&gt;</string>
		</dict>
		<key>21D22443C304BEE77F1DC98D</key>
		<dict>
			<key>includeInIndex</key>
			<string>1</string>
			<key>isa</key>
			<string>PBXFileReference</string>
			<key>lastKnownFileType</key>
			<string>sourcecode.swift</string>
			<key>path</key>
			<string>LoginModuleViewOutput.swift</string>
			<key>sourceTree</key>
			<string>&lt;group&gt;</string>
		</dict>
		<key>21E9CD20310C7512AD920CA3</key>
		<dict>
			<key>includeInIndex</key>
			<string>1</string>
			<key>isa</key>
			<string>PBXFileReference</string>
			<key>lastKnownFileType</key>
			<string>sourcecode.swift</string>
			<key>path</key>
			<string>ChatModuleInteractorInput.swift</string>
			<key>sourceTree</key>
			<string>&lt;group&gt;</string>
		</dict>
		<key>22E685C2A5797A931CF5FF97</key>
		<dict>
			<key>children</key>
			<array>
				<string>A5D67A4E94EDC9D9E81237E2</string>
			</array>
			<key>isa</key>
			<string>PBXGroup</string>
			<key>path</key>
			<string>Router</string>
			<key>sourceTree</key>
			<string>&lt;group&gt;</string>
		</dict>
		<key>24BDC35F67DBEAE7E3730350</key>
		<dict>
			<key>includeInIndex</key>
			<string>1</string>
			<key>isa</key>
			<string>PBXFileReference</string>
			<key>lastKnownFileType</key>
			<string>sourcecode.swift</string>
			<key>path</key>
			<string>ChatModuleInput.swift</string>
			<key>sourceTree</key>
			<string>&lt;group&gt;</string>
		</dict>
		<key>24DADE7B392055218623C1D5</key>
		<dict>
			<key>children</key>
			<array>
				<string>DB8373CCA93041499C964A28</string>
			</array>
			<key>isa</key>
			<string>PBXGroup</string>
			<key>path</key>
			<string>Router</string>
			<key>sourceTree</key>
			<string>&lt;group&gt;</string>
		</dict>
		<key>2622FF88ADEF47D1D0F82E73</key>
		<dict>
			<key>fileRef</key>
			<string>6C31100C00BC952FDD05ABF8</string>
			<key>isa</key>
			<string>PBXBuildFile</string>
		</dict>
		<key>26961FC6E66CBE8651AF3A4B</key>
		<dict>
			<key>fileRef</key>
			<string>CB734A32A3EC086249FFC3CC</string>
			<key>isa</key>
			<string>PBXBuildFile</string>
		</dict>
		<key>276C680444B1AF6CA890ED1A</key>
		<dict>
			<key>children</key>
			<array>
				<string>E3F2F5F73C1998A6346FCFD6</string>
				<string>4A2071AB1547954A7D911D9E</string>
			</array>
			<key>isa</key>
			<string>PBXGroup</string>
			<key>name</key>
			<string>Presenter</string>
			<key>path</key>
			<string>Presenter</string>
			<key>sourceTree</key>
			<string>&lt;group&gt;</string>
		</dict>
		<key>290C5D319F92D807B913A541</key>
		<dict>
			<key>includeInIndex</key>
			<string>1</string>
			<key>isa</key>
			<string>PBXFileReference</string>
			<key>lastKnownFileType</key>
			<string>sourcecode.swift</string>
			<key>path</key>
			<string>prefixLoginModuleViewTests.swift</string>
			<key>sourceTree</key>
			<string>&lt;group&gt;</string>
		</dict>
		<key>2A92E6F936254A76A598B190</key>
		<dict>
			<key>buildActionMask</key>
			<string>2147483647</string>
			<key>files</key>
			<array/>
			<key>inputPaths</key>
			<array/>
			<key>isa</key>
			<string>PBXShellScriptBuildPhase</string>
			<key>name</key>
			<string>[CP] Copy Pods Resources</string>
			<key>outputPaths</key>
			<array/>
			<key>runOnlyForDeploymentPostprocessing</key>
			<string>0</string>
			<key>shellPath</key>
			<string>/bin/sh</string>
			<key>shellScript</key>
			<string>"${SRCROOT}/Pods/Target Support Files/Pods-chat/Pods-chat-resources.sh"
</string>
			<key>showEnvVarsInLog</key>
			<string>0</string>
		</dict>
		<key>2B1701F836D9E8B62E4E84F2</key>
		<dict>
			<key>fileRef</key>
			<string>5D0380A4DA619BADB22BA3F1</string>
			<key>isa</key>
			<string>PBXBuildFile</string>
		</dict>
		<key>2B2293B0F54ED445D5036DCA</key>
		<dict>
			<key>children</key>
			<array>
				<string>E2106068CA937358BA74DE44</string>
				<string>89680FA42A81396F1F5DB85C</string>
			</array>
			<key>isa</key>
			<string>PBXGroup</string>
			<key>path</key>
			<string>Configurator</string>
			<key>sourceTree</key>
			<string>&lt;group&gt;</string>
		</dict>
		<key>2BC4DC7D7DBCF2FD2B85F361</key>
		<dict>
			<key>fileRef</key>
			<string>F4B7D55EFA832413C494AAA6</string>
			<key>isa</key>
			<string>PBXBuildFile</string>
		</dict>
		<key>2BD5E755B2BEBFEC366764CD</key>
		<dict>
			<key>includeInIndex</key>
			<string>1</string>
			<key>isa</key>
			<string>PBXFileReference</string>
			<key>lastKnownFileType</key>
			<string>sourcecode.swift</string>
			<key>path</key>
			<string>AddChatModuleViewController.swift</string>
			<key>sourceTree</key>
			<string>&lt;group&gt;</string>
		</dict>
		<key>2D8E891B49F99D35321EDE76</key>
		<dict>
			<key>buildActionMask</key>
			<string>2147483647</string>
			<key>files</key>
			<array/>
			<key>inputPaths</key>
			<array/>
			<key>isa</key>
			<string>PBXShellScriptBuildPhase</string>
			<key>name</key>
			<string>[CP] Copy Pods Resources</string>
			<key>outputPaths</key>
			<array/>
			<key>runOnlyForDeploymentPostprocessing</key>
			<string>0</string>
			<key>shellPath</key>
			<string>/bin/sh</string>
			<key>shellScript</key>
			<string>"${SRCROOT}/Pods/Target Support Files/Pods-chatTests/Pods-chatTests-resources.sh"
</string>
			<key>showEnvVarsInLog</key>
			<string>0</string>
		</dict>
		<key>2E09D0B4CF4A8BB7FE5467BD</key>
		<dict>
			<key>buildActionMask</key>
			<string>2147483647</string>
			<key>files</key>
			<array/>
			<key>inputPaths</key>
			<array/>
			<key>isa</key>
			<string>PBXShellScriptBuildPhase</string>
			<key>name</key>
			<string>[CP] Embed Pods Frameworks</string>
			<key>outputPaths</key>
			<array/>
			<key>runOnlyForDeploymentPostprocessing</key>
			<string>0</string>
			<key>shellPath</key>
			<string>/bin/sh</string>
			<key>shellScript</key>
			<string>"${SRCROOT}/Pods/Target Support Files/Pods-chat/Pods-chat-frameworks.sh"
</string>
			<key>showEnvVarsInLog</key>
			<string>0</string>
		</dict>
		<key>2E0B44B62138AA66157D30C9</key>
		<dict>
			<key>fileRef</key>
			<string>1F5A59FCB641FB1374E03F91</string>
			<key>isa</key>
			<string>PBXBuildFile</string>
		</dict>
		<key>2E0D97B31EEC54F700F3EE72</key>
		<dict>
			<key>fileEncoding</key>
			<string>4</string>
			<key>isa</key>
			<string>PBXFileReference</string>
			<key>lastKnownFileType</key>
			<string>sourcecode.swift</string>
			<key>path</key>
			<string>Presenter.swift</string>
			<key>sourceTree</key>
			<string>&lt;group&gt;</string>
		</dict>
		<key>2E0D97B41EEC54F700F3EE72</key>
		<dict>
			<key>fileRef</key>
			<string>2E0D97B31EEC54F700F3EE72</string>
			<key>isa</key>
			<string>PBXBuildFile</string>
		</dict>
		<key>2E332E951EF07B2100F9DAC7</key>
		<dict>
			<key>fileEncoding</key>
			<string>4</string>
			<key>isa</key>
			<string>PBXFileReference</string>
			<key>lastKnownFileType</key>
			<string>sourcecode.swift</string>
			<key>path</key>
			<string>NavigationController.swift</string>
			<key>sourceTree</key>
			<string>&lt;group&gt;</string>
		</dict>
		<key>2E332E961EF07B2100F9DAC7</key>
		<dict>
			<key>fileRef</key>
			<string>2E332E951EF07B2100F9DAC7</string>
			<key>isa</key>
			<string>PBXBuildFile</string>
		</dict>
		<key>2E429DB11EE5BF8D000EF3EE</key>
		<dict>
			<key>children</key>
			<array>
				<string>2E429DBC1EE5BF8D000EF3EE</string>
				<string>2E429DD11EE5BF8E000EF3EE</string>
				<string>2E429DBB1EE5BF8D000EF3EE</string>
				<string>657E44A880B4CA94BB299FD4</string>
				<string>AAD18739BC3EE3B74AE282F9</string>
			</array>
			<key>isa</key>
			<string>PBXGroup</string>
			<key>sourceTree</key>
			<string>&lt;group&gt;</string>
		</dict>
		<key>2E429DB21EE5BF8D000EF3EE</key>
		<dict>
			<key>attributes</key>
			<dict>
				<key>LastSwiftUpdateCheck</key>
				<string>0830</string>
				<key>LastUpgradeCheck</key>
				<string>0830</string>
				<key>ORGANIZATIONNAME</key>
				<string>&#1042;&#1080;&#1082;&#1090;&#1086;&#1088; &#1053;&#1086;&#1074;&#1080;&#1082;&#1086;&#1074;</string>
				<key>TargetAttributes</key>
				<dict>
					<key>2E429DB91EE5BF8D000EF3EE</key>
					<dict>
						<key>CreatedOnToolsVersion</key>
						<string>8.3.2</string>
						<key>DevelopmentTeam</key>
						<string>E65J535VWL</string>
						<key>ProvisioningStyle</key>
						<string>Automatic</string>
					</dict>
					<key>2E429DCD1EE5BF8E000EF3EE</key>
					<dict>
						<key>CreatedOnToolsVersion</key>
						<string>8.3.2</string>
						<key>DevelopmentTeam</key>
						<string>E65J535VWL</string>
						<key>ProvisioningStyle</key>
						<string>Automatic</string>
						<key>TestTargetID</key>
						<string>2E429DB91EE5BF8D000EF3EE</string>
					</dict>
				</dict>
			</dict>
			<key>buildConfigurationList</key>
			<string>2E429DB51EE5BF8D000EF3EE</string>
			<key>compatibilityVersion</key>
			<string>Xcode 3.2</string>
			<key>developmentRegion</key>
			<string>English</string>
			<key>hasScannedForEncodings</key>
			<string>0</string>
			<key>isa</key>
			<string>PBXProject</string>
			<key>knownRegions</key>
			<array>
				<string>en</string>
				<string>Base</string>
			</array>
			<key>mainGroup</key>
			<string>2E429DB11EE5BF8D000EF3EE</string>
			<key>productRefGroup</key>
			<string>2E429DBB1EE5BF8D000EF3EE</string>
			<key>projectDirPath</key>
			<string></string>
			<key>projectReferences</key>
			<array/>
			<key>projectRoot</key>
			<string></string>
			<key>targets</key>
			<array>
				<string>2E429DB91EE5BF8D000EF3EE</string>
				<string>2E429DCD1EE5BF8E000EF3EE</string>
			</array>
		</dict>
		<key>2E429DB51EE5BF8D000EF3EE</key>
		<dict>
			<key>buildConfigurations</key>
			<array>
				<string>2E429DD51EE5BF8E000EF3EE</string>
				<string>2E429DD61EE5BF8E000EF3EE</string>
			</array>
			<key>defaultConfigurationIsVisible</key>
			<string>0</string>
			<key>defaultConfigurationName</key>
			<string>Release</string>
			<key>isa</key>
			<string>XCConfigurationList</string>
		</dict>
		<key>2E429DB61EE5BF8D000EF3EE</key>
		<dict>
			<key>buildActionMask</key>
			<string>2147483647</string>
			<key>files</key>
			<array>
				<string>2E429DBE1EE5BF8D000EF3EE</string>
				<string>909EF3AD7B50319420C529D1</string>
				<string>2E5F86DA1EEA0310006BF51D</string>
				<string>1979EF66E7D06CCC50765605</string>
				<string>7B19260154913D39C88455AD</string>
				<string>E7598E964A23B37AF44BA752</string>
				<string>2622FF88ADEF47D1D0F82E73</string>
				<string>D32E6BF3A986D8247CE29C49</string>
				<string>6E4537032D233E30C9EA25E1</string>
				<string>A71C355A1BCCAC5890CBFB43</string>
				<string>945FF0E368152BD900ED91A8</string>
				<string>3BB0F47DF74657BE4BC02AEF</string>
				<string>4E88A535A128717CBA9393DB</string>
				<string>2E7C39711EEB4C97007C9EE6</string>
				<string>2E7C39621EEB1C15007C9EE6</string>
				<string>5D2DE7ABA79C7E49FD607B0F</string>
				<string>2E0B44B62138AA66157D30C9</string>
				<string>2E7C396C1EEB4A09007C9EE6</string>
				<string>2E7C39681EEB49DF007C9EE6</string>
				<string>8B2EC7C7EBDB8840241324EC</string>
				<string>BBD4445F70D291F15BEBD3EE</string>
				<string>064C7B6598580AC5053A3C4E</string>
				<string>50C25E6784172D92C4B299FC</string>
				<string>BA75DFED2D9220ACE7DE3F1C</string>
				<string>2E7C39751EEB4CBE007C9EE6</string>
				<string>2E332E961EF07B2100F9DAC7</string>
				<string>364E894FB1F6CF31A14F05F5</string>
				<string>2E7C396A1EEB49F6007C9EE6</string>
				<string>3962F009F2447F4F90E01798</string>
				<string>41405C3D5D5D33816DC492CB</string>
				<string>2E0D97B41EEC54F700F3EE72</string>
				<string>2E7C39731EEB4CA6007C9EE6</string>
				<string>71C70A9DBF49FD9F4A97AB3C</string>
				<string>D310B708E7FE26E623BCF0F8</string>
				<string>336430A19B59D59CB84F3BB4</string>
				<string>2E7C39651EEB4655007C9EE6</string>
				<string>3E69B7E0FB8953C5DA28C68B</string>
				<string>AF114A0C17D16501FABDD694</string>
				<string>5E368305B428FF6D72ADC2C4</string>
				<string>66A7F8AC4AB8CC42E9722FC0</string>
				<string>39D9C9A8A8992324962457AC</string>
				<string>9FF4888920249BFE3C47ACBF</string>
				<string>C36487153C3AFB5654293A9B</string>
				<string>EB3DEBD48F784CF789331E45</string>
				<string>58BE2C3EE9C70FB8DFE1FA5E</string>
				<string>9AB706789B0E2FBF9DC018B1</string>
				<string>AB46C866F6A1C1C3D5B9862E</string>
				<string>D2240C39FF85F2DA0BC075A1</string>
				<string>B3770A5AF7710A95AAE66888</string>
				<string>59BDEA30B9228C0329B211A0</string>
				<string>6A8408A7FA714BA7E931A78A</string>
				<string>A526C66BDF53DE6913B45D44</string>
				<string>C64BEE4F1B2FADACADEFF49E</string>
				<string>69F272F2C68F9639AD24BD93</string>
				<string>2BC4DC7D7DBCF2FD2B85F361</string>
				<string>98E691A2539CA4B2FEB1590E</string>
				<string>CA3D4032BD4C56F5341BA8A7</string>
				<string>EAE697490DBBA96156E93715</string>
				<string>75A398A337273DE98A88B4FE</string>
				<string>CC58936A38F0C6AFC07D941A</string>
			</array>
			<key>isa</key>
			<string>PBXSourcesBuildPhase</string>
			<key>runOnlyForDeploymentPostprocessing</key>
			<string>0</string>
		</dict>
		<key>2E429DB71EE5BF8D000EF3EE</key>
		<dict>
			<key>buildActionMask</key>
			<string>2147483647</string>
			<key>files</key>
			<array>
				<string>84497BFBB2BD3C32B91DD03B</string>
			</array>
			<key>isa</key>
			<string>PBXFrameworksBuildPhase</string>
			<key>runOnlyForDeploymentPostprocessing</key>
			<string>0</string>
		</dict>
		<key>2E429DB81EE5BF8D000EF3EE</key>
		<dict>
			<key>buildActionMask</key>
			<string>2147483647</string>
			<key>files</key>
			<array>
				<string>2E429DC81EE5BF8D000EF3EE</string>
				<string>2E429DC51EE5BF8D000EF3EE</string>
				<string>2E429DC31EE5BF8D000EF3EE</string>
			</array>
			<key>isa</key>
			<string>PBXResourcesBuildPhase</string>
			<key>runOnlyForDeploymentPostprocessing</key>
			<string>0</string>
		</dict>
		<key>2E429DB91EE5BF8D000EF3EE</key>
		<dict>
			<key>buildConfigurationList</key>
			<string>2E429DD71EE5BF8E000EF3EE</string>
			<key>buildPhases</key>
			<array>
				<string>B61B92816FE97D914D0E856A</string>
				<string>2E429DB61EE5BF8D000EF3EE</string>
				<string>2E429DB71EE5BF8D000EF3EE</string>
				<string>2E429DB81EE5BF8D000EF3EE</string>
				<string>2E09D0B4CF4A8BB7FE5467BD</string>
				<string>2A92E6F936254A76A598B190</string>
			</array>
			<key>buildRules</key>
			<array/>
			<key>dependencies</key>
			<array/>
			<key>isa</key>
			<string>PBXNativeTarget</string>
			<key>name</key>
			<string>chat</string>
			<key>productName</key>
			<string>chat</string>
			<key>productReference</key>
			<string>2E429DBA1EE5BF8D000EF3EE</string>
			<key>productType</key>
			<string>com.apple.product-type.application</string>
		</dict>
		<key>2E429DBA1EE5BF8D000EF3EE</key>
		<dict>
			<key>explicitFileType</key>
			<string>wrapper.application</string>
			<key>includeInIndex</key>
			<string>0</string>
			<key>isa</key>
			<string>PBXFileReference</string>
			<key>path</key>
			<string>chat.app</string>
			<key>sourceTree</key>
			<string>BUILT_PRODUCTS_DIR</string>
		</dict>
		<key>2E429DBB1EE5BF8D000EF3EE</key>
		<dict>
			<key>children</key>
			<array>
				<string>2E429DBA1EE5BF8D000EF3EE</string>
				<string>2E429DCE1EE5BF8E000EF3EE</string>
			</array>
			<key>isa</key>
			<string>PBXGroup</string>
			<key>name</key>
			<string>Products</string>
			<key>sourceTree</key>
			<string>&lt;group&gt;</string>
		</dict>
		<key>2E429DBC1EE5BF8D000EF3EE</key>
		<dict>
			<key>children</key>
			<array>
				<string>2E429DBD1EE5BF8D000EF3EE</string>
				<string>2E5F86D91EEA0310006BF51D</string>
				<string>2E332E951EF07B2100F9DAC7</string>
				<string>2E429DC41EE5BF8D000EF3EE</string>
				<string>2E429DC61EE5BF8D000EF3EE</string>
				<string>2E429DC91EE5BF8D000EF3EE</string>
				<string>2E7C39631EEB4625007C9EE6</string>
				<string>B68630BB440224CFD3D411E3</string>
			</array>
			<key>isa</key>
			<string>PBXGroup</string>
			<key>path</key>
			<string>chat</string>
			<key>sourceTree</key>
			<string>&lt;group&gt;</string>
		</dict>
		<key>2E429DBD1EE5BF8D000EF3EE</key>
		<dict>
			<key>isa</key>
			<string>PBXFileReference</string>
			<key>lastKnownFileType</key>
			<string>sourcecode.swift</string>
			<key>path</key>
			<string>AppDelegate.swift</string>
			<key>sourceTree</key>
			<string>&lt;group&gt;</string>
		</dict>
		<key>2E429DBE1EE5BF8D000EF3EE</key>
		<dict>
			<key>fileRef</key>
			<string>2E429DBD1EE5BF8D000EF3EE</string>
			<key>isa</key>
			<string>PBXBuildFile</string>
		</dict>
		<key>2E429DC11EE5BF8D000EF3EE</key>
		<dict>
			<key>children</key>
			<array>
				<string>2E429DC21EE5BF8D000EF3EE</string>
			</array>
			<key>isa</key>
			<string>PBXVariantGroup</string>
			<key>name</key>
			<string>Main.storyboard</string>
			<key>path</key>
			<string>..</string>
			<key>sourceTree</key>
			<string>&lt;group&gt;</string>
		</dict>
		<key>2E429DC21EE5BF8D000EF3EE</key>
		<dict>
			<key>isa</key>
			<string>PBXFileReference</string>
			<key>lastKnownFileType</key>
			<string>file.storyboard</string>
			<key>name</key>
			<string>Base</string>
			<key>path</key>
			<string>Base.lproj/Main.storyboard</string>
			<key>sourceTree</key>
			<string>&lt;group&gt;</string>
		</dict>
		<key>2E429DC31EE5BF8D000EF3EE</key>
		<dict>
			<key>fileRef</key>
			<string>2E429DC11EE5BF8D000EF3EE</string>
			<key>isa</key>
			<string>PBXBuildFile</string>
		</dict>
		<key>2E429DC41EE5BF8D000EF3EE</key>
		<dict>
			<key>isa</key>
			<string>PBXFileReference</string>
			<key>lastKnownFileType</key>
			<string>folder.assetcatalog</string>
			<key>path</key>
			<string>Assets.xcassets</string>
			<key>sourceTree</key>
			<string>&lt;group&gt;</string>
		</dict>
		<key>2E429DC51EE5BF8D000EF3EE</key>
		<dict>
			<key>fileRef</key>
			<string>2E429DC41EE5BF8D000EF3EE</string>
			<key>isa</key>
			<string>PBXBuildFile</string>
		</dict>
		<key>2E429DC61EE5BF8D000EF3EE</key>
		<dict>
			<key>children</key>
			<array>
				<string>2E429DC71EE5BF8D000EF3EE</string>
			</array>
			<key>isa</key>
			<string>PBXVariantGroup</string>
			<key>name</key>
			<string>LaunchScreen.storyboard</string>
			<key>sourceTree</key>
			<string>&lt;group&gt;</string>
		</dict>
		<key>2E429DC71EE5BF8D000EF3EE</key>
		<dict>
			<key>isa</key>
			<string>PBXFileReference</string>
			<key>lastKnownFileType</key>
			<string>file.storyboard</string>
			<key>name</key>
			<string>Base</string>
			<key>path</key>
			<string>Base.lproj/LaunchScreen.storyboard</string>
			<key>sourceTree</key>
			<string>&lt;group&gt;</string>
		</dict>
		<key>2E429DC81EE5BF8D000EF3EE</key>
		<dict>
			<key>fileRef</key>
			<string>2E429DC61EE5BF8D000EF3EE</string>
			<key>isa</key>
			<string>PBXBuildFile</string>
		</dict>
		<key>2E429DC91EE5BF8D000EF3EE</key>
		<dict>
			<key>isa</key>
			<string>PBXFileReference</string>
			<key>lastKnownFileType</key>
			<string>text.plist.xml</string>
			<key>path</key>
			<string>Info.plist</string>
			<key>sourceTree</key>
			<string>&lt;group&gt;</string>
		</dict>
		<key>2E429DCA1EE5BF8E000EF3EE</key>
		<dict>
			<key>buildActionMask</key>
			<string>2147483647</string>
			<key>files</key>
			<array>
				<string>2E429DD31EE5BF8E000EF3EE</string>
				<string>F18DDF2B0F10395EB98EC386</string>
				<string>C1851D5A47E66667CC8B639D</string>
				<string>1DCD417A1F9B4AC0023C2FAD</string>
				<string>30E2F5ED8B2C39E5ADC64934</string>
				<string>E1ABF9CEA3475AAEFC8DCBC5</string>
				<string>89AB64ACDDF5BDA76B8A0729</string>
				<string>26961FC6E66CBE8651AF3A4B</string>
				<string>5116275F9AD1E2E5F88DEDDA</string>
				<string>1784754AEB055A498D6376F9</string>
				<string>B258F7F918832BC8AF04B452</string>
				<string>387AA7B00FB739B58F2D3A06</string>
				<string>7EFF600406B4C6DC88A6454C</string>
				<string>7290E7A362A792D912D28466</string>
				<string>B2653602EA3A8A1DE4BE8827</string>
				<string>FF0EFE4B115A74FE1046EEB7</string>
				<string>C5DBBAEBB77F9737B9AE19F3</string>
				<string>C59172012D90F338A253A07D</string>
				<string>2B1701F836D9E8B62E4E84F2</string>
				<string>12FF580DEFB530E30875946D</string>
				<string>50B35DB96F0E6613F9A84E3D</string>
			</array>
			<key>isa</key>
			<string>PBXSourcesBuildPhase</string>
			<key>runOnlyForDeploymentPostprocessing</key>
			<string>0</string>
		</dict>
		<key>2E429DCB1EE5BF8E000EF3EE</key>
		<dict>
			<key>buildActionMask</key>
			<string>2147483647</string>
			<key>files</key>
			<array>
				<string>616C1771B3CF45635DDB6CCC</string>
			</array>
			<key>isa</key>
			<string>PBXFrameworksBuildPhase</string>
			<key>runOnlyForDeploymentPostprocessing</key>
			<string>0</string>
		</dict>
		<key>2E429DCC1EE5BF8E000EF3EE</key>
		<dict>
			<key>buildActionMask</key>
			<string>2147483647</string>
			<key>files</key>
			<array/>
			<key>isa</key>
			<string>PBXResourcesBuildPhase</string>
			<key>runOnlyForDeploymentPostprocessing</key>
			<string>0</string>
		</dict>
		<key>2E429DCD1EE5BF8E000EF3EE</key>
		<dict>
			<key>buildConfigurationList</key>
			<string>2E429DDA1EE5BF8E000EF3EE</string>
			<key>buildPhases</key>
			<array>
				<string>4F2634050CE75DD72BA971D0</string>
				<string>2E429DCA1EE5BF8E000EF3EE</string>
				<string>2E429DCB1EE5BF8E000EF3EE</string>
				<string>2E429DCC1EE5BF8E000EF3EE</string>
				<string>9E2D91B0DED200B2B045D246</string>
				<string>2D8E891B49F99D35321EDE76</string>
			</array>
			<key>buildRules</key>
			<array/>
			<key>dependencies</key>
			<array>
				<string>2E429DD01EE5BF8E000EF3EE</string>
			</array>
			<key>isa</key>
			<string>PBXNativeTarget</string>
			<key>name</key>
			<string>chatTests</string>
			<key>productName</key>
			<string>chatTests</string>
			<key>productReference</key>
			<string>2E429DCE1EE5BF8E000EF3EE</string>
			<key>productType</key>
			<string>com.apple.product-type.bundle.unit-test</string>
		</dict>
		<key>2E429DCE1EE5BF8E000EF3EE</key>
		<dict>
			<key>explicitFileType</key>
			<string>wrapper.cfbundle</string>
			<key>includeInIndex</key>
			<string>0</string>
			<key>isa</key>
			<string>PBXFileReference</string>
			<key>path</key>
			<string>chatTests.xctest</string>
			<key>sourceTree</key>
			<string>BUILT_PRODUCTS_DIR</string>
		</dict>
		<key>2E429DCF1EE5BF8E000EF3EE</key>
		<dict>
			<key>containerPortal</key>
			<string>2E429DB21EE5BF8D000EF3EE</string>
			<key>isa</key>
			<string>PBXContainerItemProxy</string>
			<key>proxyType</key>
			<string>1</string>
			<key>remoteGlobalIDString</key>
			<string>2E429DB91EE5BF8D000EF3EE</string>
			<key>remoteInfo</key>
			<string>chat</string>
		</dict>
		<key>2E429DD01EE5BF8E000EF3EE</key>
		<dict>
			<key>isa</key>
			<string>PBXTargetDependency</string>
			<key>target</key>
			<string>2E429DB91EE5BF8D000EF3EE</string>
			<key>targetProxy</key>
			<string>2E429DCF1EE5BF8E000EF3EE</string>
		</dict>
		<key>2E429DD11EE5BF8E000EF3EE</key>
		<dict>
			<key>children</key>
			<array>
				<string>2E429DD21EE5BF8E000EF3EE</string>
				<string>2E429DD41EE5BF8E000EF3EE</string>
				<string>36C624BCA18D9E16AE836E6E</string>
				<string>57F20DD981F3EEADA7FAD130</string>
				<string>16139639B051094F678BF0B1</string>
				<string>3D6BF4D0FEBBAE4EF8FDD743</string>
			</array>
			<key>isa</key>
			<string>PBXGroup</string>
			<key>path</key>
			<string>chatTests</string>
			<key>sourceTree</key>
			<string>&lt;group&gt;</string>
		</dict>
		<key>2E429DD21EE5BF8E000EF3EE</key>
		<dict>
			<key>isa</key>
			<string>PBXFileReference</string>
			<key>lastKnownFileType</key>
			<string>sourcecode.swift</string>
			<key>path</key>
			<string>chatTests.swift</string>
			<key>sourceTree</key>
			<string>&lt;group&gt;</string>
		</dict>
		<key>2E429DD31EE5BF8E000EF3EE</key>
		<dict>
			<key>fileRef</key>
			<string>2E429DD21EE5BF8E000EF3EE</string>
			<key>isa</key>
			<string>PBXBuildFile</string>
		</dict>
		<key>2E429DD41EE5BF8E000EF3EE</key>
		<dict>
			<key>isa</key>
			<string>PBXFileReference</string>
			<key>lastKnownFileType</key>
			<string>text.plist.xml</string>
			<key>path</key>
			<string>Info.plist</string>
			<key>sourceTree</key>
			<string>&lt;group&gt;</string>
		</dict>
		<key>2E429DD51EE5BF8E000EF3EE</key>
		<dict>
			<key>buildSettings</key>
			<dict>
				<key>ALWAYS_SEARCH_USER_PATHS</key>
				<string>NO</string>
				<key>CLANG_ANALYZER_NONNULL</key>
				<string>YES</string>
				<key>CLANG_ANALYZER_NUMBER_OBJECT_CONVERSION</key>
				<string>YES_AGGRESSIVE</string>
				<key>CLANG_CXX_LANGUAGE_STANDARD</key>
				<string>gnu++0x</string>
				<key>CLANG_CXX_LIBRARY</key>
				<string>libc++</string>
				<key>CLANG_ENABLE_MODULES</key>
				<string>YES</string>
				<key>CLANG_ENABLE_OBJC_ARC</key>
				<string>YES</string>
				<key>CLANG_WARN_BOOL_CONVERSION</key>
				<string>YES</string>
				<key>CLANG_WARN_CONSTANT_CONVERSION</key>
				<string>YES</string>
				<key>CLANG_WARN_DIRECT_OBJC_ISA_USAGE</key>
				<string>YES_ERROR</string>
				<key>CLANG_WARN_DOCUMENTATION_COMMENTS</key>
				<string>YES</string>
				<key>CLANG_WARN_EMPTY_BODY</key>
				<string>YES</string>
				<key>CLANG_WARN_ENUM_CONVERSION</key>
				<string>YES</string>
				<key>CLANG_WARN_INFINITE_RECURSION</key>
				<string>YES</string>
				<key>CLANG_WARN_INT_CONVERSION</key>
				<string>YES</string>
				<key>CLANG_WARN_OBJC_ROOT_CLASS</key>
				<string>YES_ERROR</string>
				<key>CLANG_WARN_SUSPICIOUS_MOVE</key>
				<string>YES</string>
				<key>CLANG_WARN_UNREACHABLE_CODE</key>
				<string>YES</string>
				<key>CLANG_WARN__DUPLICATE_METHOD_MATCH</key>
				<string>YES</string>
				<key>CODE_SIGN_IDENTITY[sdk=iphoneos*]</key>
				<string>iPhone Developer</string>
				<key>COPY_PHASE_STRIP</key>
				<string>NO</string>
				<key>DEBUG_INFORMATION_FORMAT</key>
				<string>dwarf</string>
				<key>ENABLE_STRICT_OBJC_MSGSEND</key>
				<string>YES</string>
				<key>ENABLE_TESTABILITY</key>
				<string>YES</string>
				<key>GCC_C_LANGUAGE_STANDARD</key>
				<string>gnu99</string>
				<key>GCC_DYNAMIC_NO_PIC</key>
				<string>NO</string>
				<key>GCC_NO_COMMON_BLOCKS</key>
				<string>YES</string>
				<key>GCC_OPTIMIZATION_LEVEL</key>
				<string>0</string>
				<key>GCC_PREPROCESSOR_DEFINITIONS</key>
				<array>
					<string>DEBUG=1</string>
					<string>$(inherited)</string>
				</array>
				<key>GCC_WARN_64_TO_32_BIT_CONVERSION</key>
				<string>YES</string>
				<key>GCC_WARN_ABOUT_RETURN_TYPE</key>
				<string>YES_ERROR</string>
				<key>GCC_WARN_UNDECLARED_SELECTOR</key>
				<string>YES</string>
				<key>GCC_WARN_UNINITIALIZED_AUTOS</key>
				<string>YES_AGGRESSIVE</string>
				<key>GCC_WARN_UNUSED_FUNCTION</key>
				<string>YES</string>
				<key>GCC_WARN_UNUSED_VARIABLE</key>
				<string>YES</string>
				<key>IPHONEOS_DEPLOYMENT_TARGET</key>
				<string>10.3</string>
				<key>MTL_ENABLE_DEBUG_INFO</key>
				<string>YES</string>
				<key>ONLY_ACTIVE_ARCH</key>
				<string>YES</string>
				<key>SDKROOT</key>
				<string>iphoneos</string>
				<key>SWIFT_ACTIVE_COMPILATION_CONDITIONS</key>
				<string>DEBUG</string>
				<key>SWIFT_OPTIMIZATION_LEVEL</key>
				<string>-Onone</string>
			</dict>
			<key>isa</key>
			<string>XCBuildConfiguration</string>
			<key>name</key>
			<string>Debug</string>
		</dict>
		<key>2E429DD61EE5BF8E000EF3EE</key>
		<dict>
			<key>buildSettings</key>
			<dict>
				<key>ALWAYS_SEARCH_USER_PATHS</key>
				<string>NO</string>
				<key>CLANG_ANALYZER_NONNULL</key>
				<string>YES</string>
				<key>CLANG_ANALYZER_NUMBER_OBJECT_CONVERSION</key>
				<string>YES_AGGRESSIVE</string>
				<key>CLANG_CXX_LANGUAGE_STANDARD</key>
				<string>gnu++0x</string>
				<key>CLANG_CXX_LIBRARY</key>
				<string>libc++</string>
				<key>CLANG_ENABLE_MODULES</key>
				<string>YES</string>
				<key>CLANG_ENABLE_OBJC_ARC</key>
				<string>YES</string>
				<key>CLANG_WARN_BOOL_CONVERSION</key>
				<string>YES</string>
				<key>CLANG_WARN_CONSTANT_CONVERSION</key>
				<string>YES</string>
				<key>CLANG_WARN_DIRECT_OBJC_ISA_USAGE</key>
				<string>YES_ERROR</string>
				<key>CLANG_WARN_DOCUMENTATION_COMMENTS</key>
				<string>YES</string>
				<key>CLANG_WARN_EMPTY_BODY</key>
				<string>YES</string>
				<key>CLANG_WARN_ENUM_CONVERSION</key>
				<string>YES</string>
				<key>CLANG_WARN_INFINITE_RECURSION</key>
				<string>YES</string>
				<key>CLANG_WARN_INT_CONVERSION</key>
				<string>YES</string>
				<key>CLANG_WARN_OBJC_ROOT_CLASS</key>
				<string>YES_ERROR</string>
				<key>CLANG_WARN_SUSPICIOUS_MOVE</key>
				<string>YES</string>
				<key>CLANG_WARN_UNREACHABLE_CODE</key>
				<string>YES</string>
				<key>CLANG_WARN__DUPLICATE_METHOD_MATCH</key>
				<string>YES</string>
				<key>CODE_SIGN_IDENTITY[sdk=iphoneos*]</key>
				<string>iPhone Developer</string>
				<key>COPY_PHASE_STRIP</key>
				<string>NO</string>
				<key>DEBUG_INFORMATION_FORMAT</key>
				<string>dwarf-with-dsym</string>
				<key>ENABLE_NS_ASSERTIONS</key>
				<string>NO</string>
				<key>ENABLE_STRICT_OBJC_MSGSEND</key>
				<string>YES</string>
				<key>GCC_C_LANGUAGE_STANDARD</key>
				<string>gnu99</string>
				<key>GCC_NO_COMMON_BLOCKS</key>
				<string>YES</string>
				<key>GCC_WARN_64_TO_32_BIT_CONVERSION</key>
				<string>YES</string>
				<key>GCC_WARN_ABOUT_RETURN_TYPE</key>
				<string>YES_ERROR</string>
				<key>GCC_WARN_UNDECLARED_SELECTOR</key>
				<string>YES</string>
				<key>GCC_WARN_UNINITIALIZED_AUTOS</key>
				<string>YES_AGGRESSIVE</string>
				<key>GCC_WARN_UNUSED_FUNCTION</key>
				<string>YES</string>
				<key>GCC_WARN_UNUSED_VARIABLE</key>
				<string>YES</string>
				<key>IPHONEOS_DEPLOYMENT_TARGET</key>
				<string>10.3</string>
				<key>MTL_ENABLE_DEBUG_INFO</key>
				<string>NO</string>
				<key>SDKROOT</key>
				<string>iphoneos</string>
				<key>SWIFT_OPTIMIZATION_LEVEL</key>
				<string>-Owholemodule</string>
				<key>VALIDATE_PRODUCT</key>
				<string>YES</string>
			</dict>
			<key>isa</key>
			<string>XCBuildConfiguration</string>
			<key>name</key>
			<string>Release</string>
		</dict>
		<key>2E429DD71EE5BF8E000EF3EE</key>
		<dict>
			<key>buildConfigurations</key>
			<array>
				<string>2E429DD81EE5BF8E000EF3EE</string>
				<string>2E429DD91EE5BF8E000EF3EE</string>
			</array>
			<key>defaultConfigurationIsVisible</key>
			<string>0</string>
			<key>defaultConfigurationName</key>
			<string>Release</string>
			<key>isa</key>
			<string>XCConfigurationList</string>
		</dict>
		<key>2E429DD81EE5BF8E000EF3EE</key>
		<dict>
			<key>baseConfigurationReference</key>
			<string>4E5DE41DEA8F04FEFBAB9687</string>
			<key>buildSettings</key>
			<dict>
				<key>ASSETCATALOG_COMPILER_APPICON_NAME</key>
				<string>AppIcon</string>
				<key>DEVELOPMENT_TEAM</key>
				<string>E65J535VWL</string>
				<key>INFOPLIST_FILE</key>
				<string>chat/Info.plist</string>
				<key>IPHONEOS_DEPLOYMENT_TARGET</key>
				<string>10.0</string>
				<key>LD_RUNPATH_SEARCH_PATHS</key>
				<string>$(inherited) @executable_path/Frameworks</string>
				<key>PRODUCT_BUNDLE_IDENTIFIER</key>
				<string>newsystem.chat</string>
				<key>PRODUCT_NAME</key>
				<string>$(TARGET_NAME)</string>
				<key>SWIFT_VERSION</key>
				<string>3.0</string>
			</dict>
			<key>isa</key>
			<string>XCBuildConfiguration</string>
			<key>name</key>
			<string>Debug</string>
		</dict>
		<key>2E429DD91EE5BF8E000EF3EE</key>
		<dict>
			<key>baseConfigurationReference</key>
			<string>9F9ED0D147011FC99EBEFA53</string>
			<key>buildSettings</key>
			<dict>
				<key>ASSETCATALOG_COMPILER_APPICON_NAME</key>
				<string>AppIcon</string>
				<key>DEVELOPMENT_TEAM</key>
				<string>E65J535VWL</string>
				<key>INFOPLIST_FILE</key>
				<string>chat/Info.plist</string>
				<key>IPHONEOS_DEPLOYMENT_TARGET</key>
				<string>10.0</string>
				<key>LD_RUNPATH_SEARCH_PATHS</key>
				<string>$(inherited) @executable_path/Frameworks</string>
				<key>PRODUCT_BUNDLE_IDENTIFIER</key>
				<string>newsystem.chat</string>
				<key>PRODUCT_NAME</key>
				<string>$(TARGET_NAME)</string>
				<key>SWIFT_VERSION</key>
				<string>3.0</string>
			</dict>
			<key>isa</key>
			<string>XCBuildConfiguration</string>
			<key>name</key>
			<string>Release</string>
		</dict>
		<key>2E429DDA1EE5BF8E000EF3EE</key>
		<dict>
			<key>buildConfigurations</key>
			<array>
				<string>2E429DDB1EE5BF8E000EF3EE</string>
				<string>2E429DDC1EE5BF8E000EF3EE</string>
			</array>
			<key>defaultConfigurationIsVisible</key>
			<string>0</string>
			<key>defaultConfigurationName</key>
			<string>Release</string>
			<key>isa</key>
			<string>XCConfigurationList</string>
		</dict>
		<key>2E429DDB1EE5BF8E000EF3EE</key>
		<dict>
			<key>baseConfigurationReference</key>
			<string>01B057B27F2C3D3B5BE938B9</string>
			<key>buildSettings</key>
			<dict>
				<key>ALWAYS_EMBED_SWIFT_STANDARD_LIBRARIES</key>
				<string>YES</string>
				<key>BUNDLE_LOADER</key>
				<string>$(TEST_HOST)</string>
				<key>DEVELOPMENT_TEAM</key>
				<string>E65J535VWL</string>
				<key>INFOPLIST_FILE</key>
				<string>chatTests/Info.plist</string>
				<key>LD_RUNPATH_SEARCH_PATHS</key>
				<string>$(inherited) @executable_path/Frameworks @loader_path/Frameworks</string>
				<key>PRODUCT_BUNDLE_IDENTIFIER</key>
				<string>newsystem.chatTests</string>
				<key>PRODUCT_NAME</key>
				<string>$(TARGET_NAME)</string>
				<key>SWIFT_VERSION</key>
				<string>3.0</string>
				<key>TEST_HOST</key>
				<string>$(BUILT_PRODUCTS_DIR)/chat.app/chat</string>
			</dict>
			<key>isa</key>
			<string>XCBuildConfiguration</string>
			<key>name</key>
			<string>Debug</string>
		</dict>
		<key>2E429DDC1EE5BF8E000EF3EE</key>
		<dict>
			<key>baseConfigurationReference</key>
			<string>168110614634FB4D2A7E061E</string>
			<key>buildSettings</key>
			<dict>
				<key>ALWAYS_EMBED_SWIFT_STANDARD_LIBRARIES</key>
				<string>YES</string>
				<key>BUNDLE_LOADER</key>
				<string>$(TEST_HOST)</string>
				<key>DEVELOPMENT_TEAM</key>
				<string>E65J535VWL</string>
				<key>INFOPLIST_FILE</key>
				<string>chatTests/Info.plist</string>
				<key>LD_RUNPATH_SEARCH_PATHS</key>
				<string>$(inherited) @executable_path/Frameworks @loader_path/Frameworks</string>
				<key>PRODUCT_BUNDLE_IDENTIFIER</key>
				<string>newsystem.chatTests</string>
				<key>PRODUCT_NAME</key>
				<string>$(TARGET_NAME)</string>
				<key>SWIFT_VERSION</key>
				<string>3.0</string>
				<key>TEST_HOST</key>
				<string>$(BUILT_PRODUCTS_DIR)/chat.app/chat</string>
			</dict>
			<key>isa</key>
			<string>XCBuildConfiguration</string>
			<key>name</key>
			<string>Release</string>
		</dict>
		<key>2E5F86D91EEA0310006BF51D</key>
		<dict>
			<key>fileEncoding</key>
			<string>4</string>
			<key>isa</key>
			<string>PBXFileReference</string>
			<key>lastKnownFileType</key>
			<string>sourcecode.swift</string>
			<key>path</key>
			<string>AppDependencies.swift</string>
			<key>sourceTree</key>
			<string>&lt;group&gt;</string>
		</dict>
		<key>2E5F86DA1EEA0310006BF51D</key>
		<dict>
			<key>fileRef</key>
			<string>2E5F86D91EEA0310006BF51D</string>
			<key>isa</key>
			<string>PBXBuildFile</string>
		</dict>
		<key>2E7C39611EEB1C15007C9EE6</key>
		<dict>
			<key>fileEncoding</key>
			<string>4</string>
			<key>isa</key>
			<string>PBXFileReference</string>
			<key>lastKnownFileType</key>
			<string>sourcecode.swift</string>
			<key>path</key>
			<string>InitializerOutput.swift</string>
			<key>sourceTree</key>
			<string>&lt;group&gt;</string>
		</dict>
		<key>2E7C39621EEB1C15007C9EE6</key>
		<dict>
			<key>fileRef</key>
			<string>2E7C39611EEB1C15007C9EE6</string>
			<key>isa</key>
			<string>PBXBuildFile</string>
		</dict>
		<key>2E7C39631EEB4625007C9EE6</key>
		<dict>
			<key>children</key>
			<array>
				<string>2E7C396F1EEB4B77007C9EE6</string>
				<string>2E7C396E1EEB4B71007C9EE6</string>
				<string>2E7C396D1EEB4B61007C9EE6</string>
				<string>2E7C39641EEB4655007C9EE6</string>
			</array>
			<key>isa</key>
			<string>PBXGroup</string>
			<key>name</key>
			<string>Services</string>
			<key>sourceTree</key>
			<string>&lt;group&gt;</string>
		</dict>
		<key>2E7C39641EEB4655007C9EE6</key>
		<dict>
			<key>fileEncoding</key>
			<string>4</string>
			<key>isa</key>
			<string>PBXFileReference</string>
			<key>lastKnownFileType</key>
			<string>sourcecode.swift</string>
			<key>path</key>
			<string>DBManager.swift</string>
			<key>sourceTree</key>
			<string>&lt;group&gt;</string>
		</dict>
		<key>2E7C39651EEB4655007C9EE6</key>
		<dict>
			<key>fileRef</key>
			<string>2E7C39641EEB4655007C9EE6</string>
			<key>isa</key>
			<string>PBXBuildFile</string>
		</dict>
		<key>2E7C39671EEB49DF007C9EE6</key>
		<dict>
			<key>fileEncoding</key>
			<string>4</string>
			<key>isa</key>
			<string>PBXFileReference</string>
			<key>lastKnownFileType</key>
			<string>sourcecode.swift</string>
			<key>path</key>
			<string>UserService.swift</string>
			<key>sourceTree</key>
			<string>&lt;group&gt;</string>
		</dict>
		<key>2E7C39681EEB49DF007C9EE6</key>
		<dict>
			<key>fileRef</key>
			<string>2E7C39671EEB49DF007C9EE6</string>
			<key>isa</key>
			<string>PBXBuildFile</string>
		</dict>
		<key>2E7C39691EEB49F6007C9EE6</key>
		<dict>
			<key>fileEncoding</key>
			<string>4</string>
			<key>isa</key>
			<string>PBXFileReference</string>
			<key>lastKnownFileType</key>
			<string>sourcecode.swift</string>
			<key>path</key>
			<string>ChatService.swift</string>
			<key>sourceTree</key>
			<string>&lt;group&gt;</string>
		</dict>
		<key>2E7C396A1EEB49F6007C9EE6</key>
		<dict>
			<key>fileRef</key>
			<string>2E7C39691EEB49F6007C9EE6</string>
			<key>isa</key>
			<string>PBXBuildFile</string>
		</dict>
		<key>2E7C396B1EEB4A09007C9EE6</key>
		<dict>
			<key>fileEncoding</key>
			<string>4</string>
			<key>isa</key>
			<string>PBXFileReference</string>
			<key>lastKnownFileType</key>
			<string>sourcecode.swift</string>
			<key>path</key>
			<string>MessageService.swift</string>
			<key>sourceTree</key>
			<string>&lt;group&gt;</string>
		</dict>
		<key>2E7C396C1EEB4A09007C9EE6</key>
		<dict>
			<key>fileRef</key>
			<string>2E7C396B1EEB4A09007C9EE6</string>
			<key>isa</key>
			<string>PBXBuildFile</string>
		</dict>
		<key>2E7C396D1EEB4B61007C9EE6</key>
		<dict>
			<key>children</key>
			<array>
				<string>2E7C39671EEB49DF007C9EE6</string>
				<string>2E7C39741EEB4CBE007C9EE6</string>
			</array>
			<key>isa</key>
			<string>PBXGroup</string>
			<key>name</key>
			<string>User</string>
			<key>sourceTree</key>
			<string>&lt;group&gt;</string>
		</dict>
		<key>2E7C396E1EEB4B71007C9EE6</key>
		<dict>
			<key>children</key>
			<array>
				<string>2E7C39691EEB49F6007C9EE6</string>
				<string>2E7C39721EEB4CA6007C9EE6</string>
			</array>
			<key>isa</key>
			<string>PBXGroup</string>
			<key>name</key>
			<string>Chat</string>
			<key>sourceTree</key>
			<string>&lt;group&gt;</string>
		</dict>
		<key>2E7C396F1EEB4B77007C9EE6</key>
		<dict>
			<key>children</key>
			<array>
				<string>2E7C396B1EEB4A09007C9EE6</string>
				<string>2E7C39701EEB4C97007C9EE6</string>
			</array>
			<key>isa</key>
			<string>PBXGroup</string>
			<key>name</key>
			<string>Message</string>
			<key>sourceTree</key>
			<string>&lt;group&gt;</string>
		</dict>
		<key>2E7C39701EEB4C97007C9EE6</key>
		<dict>
			<key>fileEncoding</key>
			<string>4</string>
			<key>isa</key>
			<string>PBXFileReference</string>
			<key>lastKnownFileType</key>
			<string>sourcecode.swift</string>
			<key>path</key>
			<string>Message.swift</string>
			<key>sourceTree</key>
			<string>&lt;group&gt;</string>
		</dict>
		<key>2E7C39711EEB4C97007C9EE6</key>
		<dict>
			<key>fileRef</key>
			<string>2E7C39701EEB4C97007C9EE6</string>
			<key>isa</key>
			<string>PBXBuildFile</string>
		</dict>
		<key>2E7C39721EEB4CA6007C9EE6</key>
		<dict>
			<key>fileEncoding</key>
			<string>4</string>
			<key>isa</key>
			<string>PBXFileReference</string>
			<key>lastKnownFileType</key>
			<string>sourcecode.swift</string>
			<key>path</key>
			<string>Chat.swift</string>
			<key>sourceTree</key>
			<string>&lt;group&gt;</string>
		</dict>
		<key>2E7C39731EEB4CA6007C9EE6</key>
		<dict>
			<key>fileRef</key>
			<string>2E7C39721EEB4CA6007C9EE6</string>
			<key>isa</key>
			<string>PBXBuildFile</string>
		</dict>
		<key>2E7C39741EEB4CBE007C9EE6</key>
		<dict>
			<key>fileEncoding</key>
			<string>4</string>
			<key>isa</key>
			<string>PBXFileReference</string>
			<key>lastKnownFileType</key>
			<string>sourcecode.swift</string>
			<key>path</key>
			<string>User.swift</string>
			<key>sourceTree</key>
			<string>&lt;group&gt;</string>
		</dict>
		<key>2E7C39751EEB4CBE007C9EE6</key>
		<dict>
			<key>fileRef</key>
			<string>2E7C39741EEB4CBE007C9EE6</string>
			<key>isa</key>
			<string>PBXBuildFile</string>
		</dict>
		<key>2FB23536E7C93399426F2A05</key>
		<dict>
			<key>includeInIndex</key>
			<string>1</string>
			<key>isa</key>
			<string>PBXFileReference</string>
			<key>lastKnownFileType</key>
			<string>sourcecode.swift</string>
			<key>path</key>
			<string>LoginModuleViewController.swift</string>
			<key>sourceTree</key>
			<string>&lt;group&gt;</string>
		</dict>
		<key>30E2F5ED8B2C39E5ADC64934</key>
		<dict>
			<key>fileRef</key>
			<string>1919DEB8C4C044D3AC8519A5</string>
			<key>isa</key>
			<string>PBXBuildFile</string>
		</dict>
		<key>336430A19B59D59CB84F3BB4</key>
		<dict>
			<key>fileRef</key>
			<string>5891D34D5761E7B4FED3D22D</string>
			<key>isa</key>
			<string>PBXBuildFile</string>
		</dict>
		<key>364E894FB1F6CF31A14F05F5</key>
		<dict>
			<key>fileRef</key>
			<string>AB5D5A5B83C76D9E349ABD46</string>
			<key>isa</key>
			<string>PBXBuildFile</string>
		</dict>
		<key>36C624BCA18D9E16AE836E6E</key>
		<dict>
			<key>children</key>
			<array>
				<string>E271C77876F63B3DC4DAD1A0</string>
				<string>554BCCAEFF050511622BC178</string>
				<string>9A260502C1FC9914B3969AF0</string>
				<string>D0535BF66A7C9676DBB66940</string>
				<string>24DADE7B392055218623C1D5</string>
			</array>
			<key>isa</key>
			<string>PBXGroup</string>
			<key>path</key>
			<string>LoginModule</string>
			<key>sourceTree</key>
			<string>&lt;group&gt;</string>
		</dict>
		<key>387AA7B00FB739B58F2D3A06</key>
		<dict>
			<key>fileRef</key>
			<string>8B09B073D372F7884635C98D</string>
			<key>isa</key>
			<string>PBXBuildFile</string>
		</dict>
		<key>3962F009F2447F4F90E01798</key>
		<dict>
			<key>fileRef</key>
			<string>6B09B611BAB8A7A10A32E6B5</string>
			<key>isa</key>
			<string>PBXBuildFile</string>
		</dict>
		<key>39869B966BAF1A1E38CE8C3C</key>
		<dict>
			<key>includeInIndex</key>
			<string>1</string>
			<key>isa</key>
			<string>PBXFileReference</string>
			<key>lastKnownFileType</key>
			<string>sourcecode.swift</string>
			<key>path</key>
			<string>ChatModuleInteractorTests.swift</string>
			<key>sourceTree</key>
			<string>&lt;group&gt;</string>
		</dict>
		<key>39D9C9A8A8992324962457AC</key>
		<dict>
			<key>fileRef</key>
			<string>E99560B8BD7390ACB01DFA31</string>
			<key>isa</key>
			<string>PBXBuildFile</string>
		</dict>
		<key>3BB0F47DF74657BE4BC02AEF</key>
		<dict>
			<key>fileRef</key>
			<string>EFDF4EDE0652E93BC4C5BEB3</string>
			<key>isa</key>
			<string>PBXBuildFile</string>
		</dict>
		<key>3D6BF4D0FEBBAE4EF8FDD743</key>
		<dict>
			<key>children</key>
			<array>
				<string>15095EDA0C2460B41CA5357E</string>
				<string>EF31B28B88C08246E5688B3D</string>
				<string>6A406680A8EEBB66A95D354C</string>
				<string>069688A97AEA187B5F6F528D</string>
				<string>06CF157EB31F3CB9975F2B26</string>
			</array>
			<key>isa</key>
			<string>PBXGroup</string>
			<key>name</key>
			<string>AddChatModule</string>
			<key>path</key>
			<string>AddChatModule</string>
			<key>sourceTree</key>
			<string>&lt;group&gt;</string>
		</dict>
		<key>3E69B7E0FB8953C5DA28C68B</key>
		<dict>
			<key>fileRef</key>
			<string>794D0BDE324941D005E74BCB</string>
			<key>isa</key>
			<string>PBXBuildFile</string>
		</dict>
		<key>4063C3AFA21DC5B14A7C3F56</key>
		<dict>
			<key>includeInIndex</key>
			<string>1</string>
			<key>isa</key>
			<string>PBXFileReference</string>
			<key>lastKnownFileType</key>
			<string>sourcecode.swift</string>
			<key>path</key>
			<string>ChatModulePresenter.swift</string>
			<key>sourceTree</key>
			<string>&lt;group&gt;</string>
		</dict>
		<key>41405C3D5D5D33816DC492CB</key>
		<dict>
			<key>fileRef</key>
			<string>F7C039303CBD42F50D51B3BB</string>
			<key>isa</key>
			<string>PBXBuildFile</string>
		</dict>
		<key>4161F106AA937B6DDB4FD80C</key>
		<dict>
			<key>explicitFileType</key>
			<string>wrapper.framework</string>
			<key>includeInIndex</key>
			<string>0</string>
			<key>isa</key>
			<string>PBXFileReference</string>
			<key>path</key>
			<string>Pods_chat.framework</string>
			<key>sourceTree</key>
			<string>BUILT_PRODUCTS_DIR</string>
		</dict>
		<key>441EC2B729256CCB0A87D9A3</key>
		<dict>
			<key>children</key>
			<array>
				<string>81E851807DDF3D6C5D0C1E93</string>
				<string>5F13DFDF82691DE1E5C188E8</string>
			</array>
			<key>isa</key>
			<string>PBXGroup</string>
			<key>path</key>
			<string>Router</string>
			<key>sourceTree</key>
			<string>&lt;group&gt;</string>
		</dict>
		<key>44395C6204FD6976A7066319</key>
		<dict>
			<key>includeInIndex</key>
			<string>1</string>
			<key>isa</key>
			<string>PBXFileReference</string>
			<key>lastKnownFileType</key>
			<string>sourcecode.swift</string>
			<key>path</key>
			<string>LoginModuleInteractorInput.swift</string>
			<key>sourceTree</key>
			<string>&lt;group&gt;</string>
		</dict>
		<key>48CC198AE5853C295E39D387</key>
		<dict>
			<key>includeInIndex</key>
			<string>1</string>
			<key>isa</key>
			<string>PBXFileReference</string>
			<key>lastKnownFileType</key>
			<string>sourcecode.swift</string>
			<key>path</key>
			<string>MessageModuleInteractorInput.swift</string>
			<key>sourceTree</key>
			<string>&lt;group&gt;</string>
		</dict>
		<key>4A2071AB1547954A7D911D9E</key>
		<dict>
			<key>includeInIndex</key>
			<string>1</string>
			<key>isa</key>
			<string>PBXFileReference</string>
			<key>lastKnownFileType</key>
			<string>sourcecode.swift</string>
			<key>path</key>
			<string>AddChatModulePresenter.swift</string>
			<key>sourceTree</key>
			<string>&lt;group&gt;</string>
		</dict>
		<key>4E5DE41DEA8F04FEFBAB9687</key>
		<dict>
			<key>includeInIndex</key>
			<string>1</string>
			<key>isa</key>
			<string>PBXFileReference</string>
			<key>lastKnownFileType</key>
			<string>text.xcconfig</string>
			<key>name</key>
			<string>Pods-chat.debug.xcconfig</string>
			<key>path</key>
			<string>Pods/Target Support Files/Pods-chat/Pods-chat.debug.xcconfig</string>
			<key>sourceTree</key>
			<string>&lt;group&gt;</string>
		</dict>
		<key>4E88A535A128717CBA9393DB</key>
		<dict>
			<key>fileRef</key>
			<string>E2106068CA937358BA74DE44</string>
			<key>isa</key>
			<string>PBXBuildFile</string>
		</dict>
		<key>4F18D4FA7FC6B25B1F7D2BCF</key>
		<dict>
			<key>includeInIndex</key>
			<string>1</string>
			<key>isa</key>
			<string>PBXFileReference</string>
			<key>lastKnownFileType</key>
			<string>sourcecode.swift</string>
			<key>path</key>
			<string>MessageModuleInteractorOutput.swift</string>
			<key>sourceTree</key>
			<string>&lt;group&gt;</string>
		</dict>
		<key>4F2634050CE75DD72BA971D0</key>
		<dict>
			<key>buildActionMask</key>
			<string>2147483647</string>
			<key>files</key>
			<array/>
			<key>inputPaths</key>
			<array/>
			<key>isa</key>
			<string>PBXShellScriptBuildPhase</string>
			<key>name</key>
			<string>[CP] Check Pods Manifest.lock</string>
			<key>outputPaths</key>
			<array/>
			<key>runOnlyForDeploymentPostprocessing</key>
			<string>0</string>
			<key>shellPath</key>
			<string>/bin/sh</string>
			<key>shellScript</key>
			<string>diff "${PODS_ROOT}/../Podfile.lock" "${PODS_ROOT}/Manifest.lock" &gt; /dev/null
if [ $? != 0 ] ; then
    # print error to STDERR
    echo "error: The sandbox is not in sync with the Podfile.lock. Run 'pod install' or update your CocoaPods installation." &gt;&amp;2
    exit 1
fi
</string>
			<key>showEnvVarsInLog</key>
			<string>0</string>
		</dict>
		<key>50B35DB96F0E6613F9A84E3D</key>
		<dict>
			<key>fileRef</key>
			<string>CA4ABAFCC873B52EB517487B</string>
			<key>isa</key>
			<string>PBXBuildFile</string>
		</dict>
		<key>50C25E6784172D92C4B299FC</key>
		<dict>
			<key>fileRef</key>
			<string>4063C3AFA21DC5B14A7C3F56</string>
			<key>isa</key>
			<string>PBXBuildFile</string>
		</dict>
		<key>5116275F9AD1E2E5F88DEDDA</key>
		<dict>
			<key>fileRef</key>
			<string>39869B966BAF1A1E38CE8C3C</string>
			<key>isa</key>
			<string>PBXBuildFile</string>
		</dict>
		<key>554BCCAEFF050511622BC178</key>
		<dict>
			<key>children</key>
			<array>
				<string>290C5D319F92D807B913A541</string>
			</array>
			<key>isa</key>
			<string>PBXGroup</string>
			<key>path</key>
			<string>View</string>
			<key>sourceTree</key>
			<string>&lt;group&gt;</string>
		</dict>
		<key>56883397F74C2E5BE816DBA0</key>
		<dict>
			<key>children</key>
			<array>
				<string>EBF955081921F8859BC66826</string>
				<string>FD82412088EB668E594592FD</string>
				<string>E4C5BE00EFCB2380A4B8BD06</string>
				<string>887B53610B78564F161C067C</string>
				<string>2B2293B0F54ED445D5036DCA</string>
			</array>
			<key>isa</key>
			<string>PBXGroup</string>
			<key>path</key>
			<string>LoginModule</string>
			<key>sourceTree</key>
			<string>&lt;group&gt;</string>
		</dict>
		<key>57F20DD981F3EEADA7FAD130</key>
		<dict>
			<key>children</key>
			<array>
				<string>0FC9245DC4C1BD96822C7F63</string>
				<string>DB9B0D3ECBB05B3B2C0E9794</string>
				<string>0CCC8B9C6E72E1F2B0139B04</string>
				<string>03037CB4D16E8FB66F73489B</string>
				<string>F48218FDE2C09BC2C899CAE9</string>
			</array>
			<key>isa</key>
			<string>PBXGroup</string>
			<key>path</key>
			<string>ChatModule</string>
			<key>sourceTree</key>
			<string>&lt;group&gt;</string>
		</dict>
		<key>5879C9C8077751C59E1AC7A9</key>
		<dict>
			<key>includeInIndex</key>
			<string>1</string>
			<key>isa</key>
			<string>PBXFileReference</string>
			<key>lastKnownFileType</key>
			<string>sourcecode.swift</string>
			<key>path</key>
			<string>AddChatModuleInitializer.swift</string>
			<key>sourceTree</key>
			<string>&lt;group&gt;</string>
		</dict>
		<key>5891D34D5761E7B4FED3D22D</key>
		<dict>
			<key>includeInIndex</key>
			<string>1</string>
			<key>isa</key>
			<string>PBXFileReference</string>
			<key>lastKnownFileType</key>
			<string>sourcecode.swift</string>
			<key>path</key>
			<string>ChatModuleInitializer.swift</string>
			<key>sourceTree</key>
			<string>&lt;group&gt;</string>
		</dict>
		<key>58BE2C3EE9C70FB8DFE1FA5E</key>
		<dict>
			<key>fileRef</key>
			<string>81E851807DDF3D6C5D0C1E93</string>
			<key>isa</key>
			<string>PBXBuildFile</string>
		</dict>
		<key>59BDEA30B9228C0329B211A0</key>
		<dict>
			<key>fileRef</key>
			<string>022B48AD945513D0127E68E3</string>
			<key>isa</key>
			<string>PBXBuildFile</string>
		</dict>
		<key>5A7D98B3DD5743581DDE3A94</key>
		<dict>
			<key>includeInIndex</key>
			<string>1</string>
			<key>isa</key>
			<string>PBXFileReference</string>
			<key>lastKnownFileType</key>
			<string>sourcecode.swift</string>
			<key>path</key>
			<string>prefixLoginModuleInteractorTests.swift</string>
			<key>sourceTree</key>
			<string>&lt;group&gt;</string>
		</dict>
		<key>5D0380A4DA619BADB22BA3F1</key>
		<dict>
			<key>includeInIndex</key>
			<string>1</string>
			<key>isa</key>
			<string>PBXFileReference</string>
			<key>lastKnownFileType</key>
			<string>sourcecode.swift</string>
			<key>path</key>
			<string>AddChatModuleInteractorTests.swift</string>
			<key>sourceTree</key>
			<string>&lt;group&gt;</string>
		</dict>
		<key>5D2DE7ABA79C7E49FD607B0F</key>
		<dict>
			<key>fileRef</key>
			<string>89680FA42A81396F1F5DB85C</string>
			<key>isa</key>
			<string>PBXBuildFile</string>
		</dict>
		<key>5E368305B428FF6D72ADC2C4</key>
		<dict>
			<key>fileRef</key>
			<string>A410497D7A2904DFA5077820</string>
			<key>isa</key>
			<string>PBXBuildFile</string>
		</dict>
		<key>5EEB38A58967B84FA1794360</key>
		<dict>
			<key>children</key>
			<array>
				<string>1F5A59FCB641FB1374E03F91</string>
				<string>1E11DA5E22E34B9A51C4986C</string>
				<string>164478ADD1A79C163B7C3948</string>
			</array>
			<key>isa</key>
			<string>PBXGroup</string>
			<key>path</key>
			<string>View</string>
			<key>sourceTree</key>
			<string>&lt;group&gt;</string>
		</dict>
		<key>5EF0FA623E89B8CFCF1C1CA9</key>
		<dict>
			<key>includeInIndex</key>
			<string>1</string>
			<key>isa</key>
			<string>PBXFileReference</string>
			<key>lastKnownFileType</key>
			<string>sourcecode.swift</string>
			<key>path</key>
			<string>MessageModuleViewOutput.swift</string>
			<key>sourceTree</key>
			<string>&lt;group&gt;</string>
		</dict>
		<key>5F13DFDF82691DE1E5C188E8</key>
		<dict>
			<key>includeInIndex</key>
			<string>1</string>
			<key>isa</key>
			<string>PBXFileReference</string>
			<key>lastKnownFileType</key>
			<string>sourcecode.swift</string>
			<key>path</key>
			<string>MessageModuleRouter.swift</string>
			<key>sourceTree</key>
			<string>&lt;group&gt;</string>
		</dict>
		<key>616C1771B3CF45635DDB6CCC</key>
		<dict>
			<key>fileRef</key>
			<string>C175AD1CD568F1EEB6248F4B</string>
			<key>isa</key>
			<string>PBXBuildFile</string>
		</dict>
		<key>657E44A880B4CA94BB299FD4</key>
		<dict>
			<key>children</key>
			<array>
				<string>4E5DE41DEA8F04FEFBAB9687</string>
				<string>9F9ED0D147011FC99EBEFA53</string>
				<string>01B057B27F2C3D3B5BE938B9</string>
				<string>168110614634FB4D2A7E061E</string>
			</array>
			<key>isa</key>
			<string>PBXGroup</string>
			<key>name</key>
			<string>Pods</string>
			<key>sourceTree</key>
			<string>&lt;group&gt;</string>
		</dict>
		<key>66A7F8AC4AB8CC42E9722FC0</key>
		<dict>
			<key>fileRef</key>
			<string>ABA428B353A388017FFDD837</string>
			<key>isa</key>
			<string>PBXBuildFile</string>
		</dict>
		<key>69F272F2C68F9639AD24BD93</key>
		<dict>
			<key>fileRef</key>
			<string>BF1B512660F2C77886A6A122</string>
			<key>isa</key>
			<string>PBXBuildFile</string>
		</dict>
		<key>6A406680A8EEBB66A95D354C</key>
		<dict>
			<key>children</key>
			<array>
				<string>5D0380A4DA619BADB22BA3F1</string>
			</array>
			<key>isa</key>
			<string>PBXGroup</string>
			<key>name</key>
			<string>Interactor</string>
			<key>path</key>
			<string>Interactor</string>
			<key>sourceTree</key>
			<string>&lt;group&gt;</string>
		</dict>
		<key>6A8408A7FA714BA7E931A78A</key>
		<dict>
			<key>fileRef</key>
			<string>2BD5E755B2BEBFEC366764CD</string>
			<key>isa</key>
			<string>PBXBuildFile</string>
		</dict>
		<key>6B09B611BAB8A7A10A32E6B5</key>
		<dict>
			<key>includeInIndex</key>
			<string>1</string>
			<key>isa</key>
			<string>PBXFileReference</string>
			<key>lastKnownFileType</key>
			<string>sourcecode.swift</string>
			<key>path</key>
			<string>ChatModuleInteractor.swift</string>
			<key>sourceTree</key>
			<string>&lt;group&gt;</string>
		</dict>
		<key>6C31100C00BC952FDD05ABF8</key>
		<dict>
			<key>includeInIndex</key>
			<string>1</string>
			<key>isa</key>
			<string>PBXFileReference</string>
			<key>lastKnownFileType</key>
			<string>sourcecode.swift</string>
			<key>path</key>
			<string>LoginModulePresenter.swift</string>
			<key>sourceTree</key>
			<string>&lt;group&gt;</string>
		</dict>
		<key>6E4537032D233E30C9EA25E1</key>
		<dict>
			<key>fileRef</key>
			<string>19052B19F9490397B262E10B</string>
			<key>isa</key>
			<string>PBXBuildFile</string>
		</dict>
		<key>6EB62FF0DF64777B8A357927</key>
		<dict>
			<key>children</key>
			<array>
				<string>794D0BDE324941D005E74BCB</string>
				<string>5EF0FA623E89B8CFCF1C1CA9</string>
				<string>A410497D7A2904DFA5077820</string>
			</array>
			<key>isa</key>
			<string>PBXGroup</string>
			<key>path</key>
			<string>View</string>
			<key>sourceTree</key>
			<string>&lt;group&gt;</string>
		</dict>
		<key>6F2896645B4F75A5AF34ACEB</key>
		<dict>
			<key>children</key>
			<array>
				<string>6EB62FF0DF64777B8A357927</string>
				<string>FA81786308B17E195742CE17</string>
				<string>9D9C5043AA7559D30358AF52</string>
				<string>441EC2B729256CCB0A87D9A3</string>
				<string>7AE35CDDF93A53221F81EFE7</string>
			</array>
			<key>isa</key>
			<string>PBXGroup</string>
			<key>path</key>
			<string>MessageModule</string>
			<key>sourceTree</key>
			<string>&lt;group&gt;</string>
		</dict>
		<key>71C70A9DBF49FD9F4A97AB3C</key>
		<dict>
			<key>fileRef</key>
			<string>9AC6C7C714C50366896492F7</string>
			<key>isa</key>
			<string>PBXBuildFile</string>
		</dict>
		<key>7290E7A362A792D912D28466</key>
		<dict>
			<key>fileRef</key>
			<string>17999B597CA23594EBC035F2</string>
			<key>isa</key>
			<string>PBXBuildFile</string>
		</dict>
		<key>7463BC89EFD32F1FA1368ABB</key>
		<dict>
			<key>children</key>
			<array>
				<string>D1C6CEE137F09BA764D0CEF4</string>
				<string>5879C9C8077751C59E1AC7A9</string>
			</array>
			<key>isa</key>
			<string>PBXGroup</string>
			<key>name</key>
			<string>Configurator</string>
			<key>path</key>
			<string>Configurator</string>
			<key>sourceTree</key>
			<string>&lt;group&gt;</string>
		</dict>
		<key>75A398A337273DE98A88B4FE</key>
		<dict>
			<key>fileRef</key>
			<string>D1C6CEE137F09BA764D0CEF4</string>
			<key>isa</key>
			<string>PBXBuildFile</string>
		</dict>
		<key>77338ACCDA9C8C9E485299DA</key>
		<dict>
			<key>children</key>
			<array>
				<string>5EEB38A58967B84FA1794360</string>
				<string>EF16258BB6D7E2109CEDFD83</string>
				<string>91D92ACEABD5CF89C7E14268</string>
				<string>20476CABF6E06E64EB3F5707</string>
				<string>BF10B80F88DD0CA2BE81FDC4</string>
			</array>
			<key>isa</key>
			<string>PBXGroup</string>
			<key>path</key>
			<string>ChatModule</string>
			<key>sourceTree</key>
			<string>&lt;group&gt;</string>
		</dict>
		<key>79033EA008128BC098173897</key>
		<dict>
			<key>includeInIndex</key>
			<string>1</string>
			<key>isa</key>
			<string>PBXFileReference</string>
			<key>lastKnownFileType</key>
			<string>sourcecode.swift</string>
			<key>path</key>
			<string>AddChatModulePresenterTests.swift</string>
			<key>sourceTree</key>
			<string>&lt;group&gt;</string>
		</dict>
		<key>794D0BDE324941D005E74BCB</key>
		<dict>
			<key>includeInIndex</key>
			<string>1</string>
			<key>isa</key>
			<string>PBXFileReference</string>
			<key>lastKnownFileType</key>
			<string>sourcecode.swift</string>
			<key>path</key>
			<string>MessageModuleViewInput.swift</string>
			<key>sourceTree</key>
			<string>&lt;group&gt;</string>
		</dict>
		<key>7AE35CDDF93A53221F81EFE7</key>
		<dict>
			<key>children</key>
			<array>
				<string>C0B32311CD732E86E50F2BA9</string>
				<string>928D2139937E2650921CD0A1</string>
			</array>
			<key>isa</key>
			<string>PBXGroup</string>
			<key>path</key>
			<string>Configurator</string>
			<key>sourceTree</key>
			<string>&lt;group&gt;</string>
		</dict>
		<key>7B19260154913D39C88455AD</key>
		<dict>
			<key>fileRef</key>
			<string>2FB23536E7C93399426F2A05</string>
			<key>isa</key>
			<string>PBXBuildFile</string>
		</dict>
		<key>7EFF600406B4C6DC88A6454C</key>
		<dict>
			<key>fileRef</key>
			<string>F8A502796F7D8111E277F582</string>
			<key>isa</key>
			<string>PBXBuildFile</string>
		</dict>
		<key>81E851807DDF3D6C5D0C1E93</key>
		<dict>
			<key>includeInIndex</key>
			<string>1</string>
			<key>isa</key>
			<string>PBXFileReference</string>
			<key>lastKnownFileType</key>
			<string>sourcecode.swift</string>
			<key>path</key>
			<string>MessageModuleRouterInput.swift</string>
			<key>sourceTree</key>
			<string>&lt;group&gt;</string>
		</dict>
		<key>84497BFBB2BD3C32B91DD03B</key>
		<dict>
			<key>fileRef</key>
			<string>4161F106AA937B6DDB4FD80C</string>
			<key>isa</key>
			<string>PBXBuildFile</string>
		</dict>
		<key>84B67393D9AEAA21F9496C3C</key>
		<dict>
			<key>includeInIndex</key>
			<string>1</string>
			<key>isa</key>
			<string>PBXFileReference</string>
			<key>lastKnownFileType</key>
			<string>sourcecode.swift</string>
			<key>path</key>
			<string>AddChatModuleViewTests.swift</string>
			<key>sourceTree</key>
			<string>&lt;group&gt;</string>
		</dict>
		<key>887B53610B78564F161C067C</key>
		<dict>
			<key>children</key>
			<array>
				<string>B04D55B8ED3598D19A5A5FC4</string>
				<string>EFDF4EDE0652E93BC4C5BEB3</string>
			</array>
			<key>isa</key>
			<string>PBXGroup</string>
			<key>path</key>
			<string>Router</string>
			<key>sourceTree</key>
			<string>&lt;group&gt;</string>
		</dict>
		<key>89680FA42A81396F1F5DB85C</key>
		<dict>
			<key>includeInIndex</key>
			<string>1</string>
			<key>isa</key>
			<string>PBXFileReference</string>
			<key>lastKnownFileType</key>
			<string>sourcecode.swift</string>
			<key>path</key>
			<string>LoginModuleInitializer.swift</string>
			<key>sourceTree</key>
			<string>&lt;group&gt;</string>
		</dict>
		<key>89AB64ACDDF5BDA76B8A0729</key>
		<dict>
			<key>fileRef</key>
			<string>99A095212FB5929031F0775B</string>
			<key>isa</key>
			<string>PBXBuildFile</string>
		</dict>
		<key>8B09B073D372F7884635C98D</key>
		<dict>
			<key>includeInIndex</key>
			<string>1</string>
			<key>isa</key>
			<string>PBXFileReference</string>
			<key>lastKnownFileType</key>
			<string>sourcecode.swift</string>
			<key>path</key>
			<string>MessageModuleConfiguratorTests.swift</string>
			<key>sourceTree</key>
			<string>&lt;group&gt;</string>
		</dict>
		<key>8B2EC7C7EBDB8840241324EC</key>
		<dict>
			<key>fileRef</key>
			<string>1E11DA5E22E34B9A51C4986C</string>
			<key>isa</key>
			<string>PBXBuildFile</string>
		</dict>
		<key>8D9DE1CC237AEC5B252546FD</key>
		<dict>
			<key>includeInIndex</key>
			<string>1</string>
			<key>isa</key>
			<string>PBXFileReference</string>
			<key>lastKnownFileType</key>
			<string>sourcecode.swift</string>
			<key>path</key>
			<string>prefixLoginModuleConfiguratorTests.swift</string>
			<key>sourceTree</key>
			<string>&lt;group&gt;</string>
		</dict>
		<key>909EF3AD7B50319420C529D1</key>
		<dict>
			<key>fileRef</key>
			<string>BC1840B4F2AF51A3D99A5914</string>
			<key>isa</key>
			<string>PBXBuildFile</string>
		</dict>
		<key>91D92ACEABD5CF89C7E14268</key>
		<dict>
			<key>children</key>
			<array>
				<string>21E9CD20310C7512AD920CA3</string>
				<string>AB5D5A5B83C76D9E349ABD46</string>
				<string>6B09B611BAB8A7A10A32E6B5</string>
			</array>
			<key>isa</key>
			<string>PBXGroup</string>
			<key>path</key>
			<string>Interactor</string>
			<key>sourceTree</key>
			<string>&lt;group&gt;</string>
		</dict>
		<key>928D2139937E2650921CD0A1</key>
		<dict>
			<key>includeInIndex</key>
			<string>1</string>
			<key>isa</key>
			<string>PBXFileReference</string>
			<key>lastKnownFileType</key>
			<string>sourcecode.swift</string>
			<key>path</key>
			<string>MessageModuleInitializer.swift</string>
			<key>sourceTree</key>
			<string>&lt;group&gt;</string>
		</dict>
		<key>945FF0E368152BD900ED91A8</key>
		<dict>
			<key>fileRef</key>
			<string>B04D55B8ED3598D19A5A5FC4</string>
			<key>isa</key>
			<string>PBXBuildFile</string>
		</dict>
		<key>98E691A2539CA4B2FEB1590E</key>
		<dict>
			<key>fileRef</key>
			<string>AEDE45B6DD54FE2AEE2F7074</string>
			<key>isa</key>
			<string>PBXBuildFile</string>
		</dict>
		<key>99A095212FB5929031F0775B</key>
		<dict>
			<key>includeInIndex</key>
			<string>1</string>
			<key>isa</key>
			<string>PBXFileReference</string>
			<key>lastKnownFileType</key>
			<string>sourcecode.swift</string>
			<key>path</key>
			<string>ChatModuleConfiguratorTests.swift</string>
			<key>sourceTree</key>
			<string>&lt;group&gt;</string>
		</dict>
		<key>9A260502C1FC9914B3969AF0</key>
		<dict>
			<key>children</key>
			<array>
				<string>5A7D98B3DD5743581DDE3A94</string>
			</array>
			<key>isa</key>
			<string>PBXGroup</string>
			<key>path</key>
			<string>Interactor</string>
			<key>sourceTree</key>
			<string>&lt;group&gt;</string>
		</dict>
		<key>9AB706789B0E2FBF9DC018B1</key>
		<dict>
			<key>fileRef</key>
			<string>5F13DFDF82691DE1E5C188E8</string>
			<key>isa</key>
			<string>PBXBuildFile</string>
		</dict>
		<key>9AC6C7C714C50366896492F7</key>
		<dict>
			<key>includeInIndex</key>
			<string>1</string>
			<key>isa</key>
			<string>PBXFileReference</string>
			<key>lastKnownFileType</key>
			<string>sourcecode.swift</string>
			<key>path</key>
			<string>ChatModuleRouter.swift</string>
			<key>sourceTree</key>
			<string>&lt;group&gt;</string>
		</dict>
		<key>9D9C5043AA7559D30358AF52</key>
		<dict>
			<key>children</key>
			<array>
				<string>48CC198AE5853C295E39D387</string>
				<string>4F18D4FA7FC6B25B1F7D2BCF</string>
				<string>BE53D98ECB71D34789EDAAAC</string>
			</array>
			<key>isa</key>
			<string>PBXGroup</string>
			<key>path</key>
			<string>Interactor</string>
			<key>sourceTree</key>
			<string>&lt;group&gt;</string>
		</dict>
		<key>9E2D91B0DED200B2B045D246</key>
		<dict>
			<key>buildActionMask</key>
			<string>2147483647</string>
			<key>files</key>
			<array/>
			<key>inputPaths</key>
			<array/>
			<key>isa</key>
			<string>PBXShellScriptBuildPhase</string>
			<key>name</key>
			<string>[CP] Embed Pods Frameworks</string>
			<key>outputPaths</key>
			<array/>
			<key>runOnlyForDeploymentPostprocessing</key>
			<string>0</string>
			<key>shellPath</key>
			<string>/bin/sh</string>
			<key>shellScript</key>
			<string>"${SRCROOT}/Pods/Target Support Files/Pods-chatTests/Pods-chatTests-frameworks.sh"
</string>
			<key>showEnvVarsInLog</key>
			<string>0</string>
		</dict>
		<key>9F9ED0D147011FC99EBEFA53</key>
		<dict>
			<key>includeInIndex</key>
			<string>1</string>
			<key>isa</key>
			<string>PBXFileReference</string>
			<key>lastKnownFileType</key>
			<string>text.xcconfig</string>
			<key>name</key>
			<string>Pods-chat.release.xcconfig</string>
			<key>path</key>
			<string>Pods/Target Support Files/Pods-chat/Pods-chat.release.xcconfig</string>
			<key>sourceTree</key>
			<string>&lt;group&gt;</string>
		</dict>
		<key>9FF4888920249BFE3C47ACBF</key>
		<dict>
			<key>fileRef</key>
			<string>48CC198AE5853C295E39D387</string>
			<key>isa</key>
			<string>PBXBuildFile</string>
		</dict>
		<key>A2861741576FF47ADB93C304</key>
		<dict>
			<key>includeInIndex</key>
			<string>1</string>
			<key>isa</key>
			<string>PBXFileReference</string>
			<key>lastKnownFileType</key>
			<string>sourcecode.swift</string>
			<key>path</key>
			<string>MessageModulePresenterTests.swift</string>
			<key>sourceTree</key>
			<string>&lt;group&gt;</string>
		</dict>
		<key>A3FA871B22CF333CEB0DB0D7</key>
		<dict>
			<key>children</key>
			<array>
				<string>B2618D351852B14F5A93A407</string>
				<string>0FC2A7BFAE6F902CAF7F5A68</string>
			</array>
			<key>isa</key>
			<string>PBXGroup</string>
			<key>name</key>
			<string>Router</string>
			<key>path</key>
			<string>Router</string>
			<key>sourceTree</key>
			<string>&lt;group&gt;</string>
		</dict>
		<key>A410497D7A2904DFA5077820</key>
		<dict>
			<key>includeInIndex</key>
			<string>1</string>
			<key>isa</key>
			<string>PBXFileReference</string>
			<key>lastKnownFileType</key>
			<string>sourcecode.swift</string>
			<key>path</key>
			<string>MessageModuleViewController.swift</string>
			<key>sourceTree</key>
			<string>&lt;group&gt;</string>
		</dict>
		<key>A526C66BDF53DE6913B45D44</key>
		<dict>
			<key>fileRef</key>
			<string>E3F2F5F73C1998A6346FCFD6</string>
			<key>isa</key>
			<string>PBXBuildFile</string>
		</dict>
		<key>A5D67A4E94EDC9D9E81237E2</key>
		<dict>
			<key>includeInIndex</key>
			<string>1</string>
			<key>isa</key>
			<string>PBXFileReference</string>
			<key>lastKnownFileType</key>
			<string>sourcecode.swift</string>
			<key>path</key>
			<string>MessageModuleRouterTests.swift</string>
			<key>sourceTree</key>
			<string>&lt;group&gt;</string>
		</dict>
		<key>A71C355A1BCCAC5890CBFB43</key>
		<dict>
			<key>fileRef</key>
			<string>DE3EA8932E1AD6858F998E02</string>
			<key>isa</key>
			<string>PBXBuildFile</string>
		</dict>
		<key>A77936FAF8191F7029EF9ED1</key>
		<dict>
			<key>includeInIndex</key>
			<string>1</string>
			<key>isa</key>
			<string>PBXFileReference</string>
			<key>lastKnownFileType</key>
			<string>sourcecode.swift</string>
			<key>path</key>
			<string>LoginModuleInput.swift</string>
			<key>sourceTree</key>
			<string>&lt;group&gt;</string>
		</dict>
		<key>AAD18739BC3EE3B74AE282F9</key>
		<dict>
			<key>children</key>
			<array>
				<string>4161F106AA937B6DDB4FD80C</string>
				<string>C175AD1CD568F1EEB6248F4B</string>
			</array>
			<key>isa</key>
			<string>PBXGroup</string>
			<key>name</key>
			<string>Frameworks</string>
			<key>sourceTree</key>
			<string>&lt;group&gt;</string>
		</dict>
		<key>AB46C866F6A1C1C3D5B9862E</key>
		<dict>
			<key>fileRef</key>
			<string>C0B32311CD732E86E50F2BA9</string>
			<key>isa</key>
			<string>PBXBuildFile</string>
		</dict>
		<key>AB5D5A5B83C76D9E349ABD46</key>
		<dict>
			<key>includeInIndex</key>
			<string>1</string>
			<key>isa</key>
			<string>PBXFileReference</string>
			<key>lastKnownFileType</key>
			<string>sourcecode.swift</string>
			<key>path</key>
			<string>ChatModuleInteractorOutput.swift</string>
			<key>sourceTree</key>
			<string>&lt;group&gt;</string>
		</dict>
		<key>ABA428B353A388017FFDD837</key>
		<dict>
			<key>includeInIndex</key>
			<string>1</string>
			<key>isa</key>
			<string>PBXFileReference</string>
			<key>lastKnownFileType</key>
			<string>sourcecode.swift</string>
			<key>path</key>
			<string>MessageModuleInput.swift</string>
			<key>sourceTree</key>
			<string>&lt;group&gt;</string>
		</dict>
		<key>AEDE45B6DD54FE2AEE2F7074</key>
		<dict>
			<key>includeInIndex</key>
			<string>1</string>
			<key>isa</key>
			<string>PBXFileReference</string>
			<key>lastKnownFileType</key>
			<string>sourcecode.swift</string>
			<key>path</key>
			<string>AddChatModuleInteractor.swift</string>
			<key>sourceTree</key>
			<string>&lt;group&gt;</string>
		</dict>
		<key>AF114A0C17D16501FABDD694</key>
		<dict>
			<key>fileRef</key>
			<string>5EF0FA623E89B8CFCF1C1CA9</string>
			<key>isa</key>
			<string>PBXBuildFile</string>
		</dict>
		<key>B04D55B8ED3598D19A5A5FC4</key>
		<dict>
			<key>includeInIndex</key>
			<string>1</string>
			<key>isa</key>
			<string>PBXFileReference</string>
			<key>lastKnownFileType</key>
			<string>sourcecode.swift</string>
			<key>path</key>
			<string>LoginModuleRouterInput.swift</string>
			<key>sourceTree</key>
			<string>&lt;group&gt;</string>
		</dict>
		<key>B258F7F918832BC8AF04B452</key>
		<dict>
			<key>fileRef</key>
			<string>D6131F209CC894A5B093EAD9</string>
			<key>isa</key>
			<string>PBXBuildFile</string>
		</dict>
		<key>B2618D351852B14F5A93A407</key>
		<dict>
			<key>includeInIndex</key>
			<string>1</string>
			<key>isa</key>
			<string>PBXFileReference</string>
			<key>lastKnownFileType</key>
			<string>sourcecode.swift</string>
			<key>path</key>
			<string>AddChatModuleRouterInput.swift</string>
			<key>sourceTree</key>
			<string>&lt;group&gt;</string>
		</dict>
		<key>B2653602EA3A8A1DE4BE8827</key>
		<dict>
			<key>fileRef</key>
			<string>A2861741576FF47ADB93C304</string>
			<key>isa</key>
			<string>PBXBuildFile</string>
		</dict>
		<key>B3770A5AF7710A95AAE66888</key>
		<dict>
			<key>fileRef</key>
			<string>0BE5638419A60834584AF92B</string>
			<key>isa</key>
			<string>PBXBuildFile</string>
		</dict>
		<key>B518A550066B6F3C40C3C318</key>
		<dict>
			<key>children</key>
			<array>
				<string>1421D2F5790E6D00B1F509AB</string>
				<string>276C680444B1AF6CA890ED1A</string>
				<string>055C33FFEAF0E3278BB90F56</string>
				<string>A3FA871B22CF333CEB0DB0D7</string>
				<string>7463BC89EFD32F1FA1368ABB</string>
			</array>
			<key>isa</key>
			<string>PBXGroup</string>
			<key>name</key>
			<string>AddChatModule</string>
			<key>path</key>
			<string>AddChatModule</string>
			<key>sourceTree</key>
			<string>&lt;group&gt;</string>
		</dict>
		<key>B61B92816FE97D914D0E856A</key>
		<dict>
			<key>buildActionMask</key>
			<string>2147483647</string>
			<key>files</key>
			<array/>
			<key>inputPaths</key>
			<array/>
			<key>isa</key>
			<string>PBXShellScriptBuildPhase</string>
			<key>name</key>
			<string>[CP] Check Pods Manifest.lock</string>
			<key>outputPaths</key>
			<array/>
			<key>runOnlyForDeploymentPostprocessing</key>
			<string>0</string>
			<key>shellPath</key>
			<string>/bin/sh</string>
			<key>shellScript</key>
			<string>diff "${PODS_ROOT}/../Podfile.lock" "${PODS_ROOT}/Manifest.lock" &gt; /dev/null
if [ $? != 0 ] ; then
    # print error to STDERR
    echo "error: The sandbox is not in sync with the Podfile.lock. Run 'pod install' or update your CocoaPods installation." &gt;&amp;2
    exit 1
fi
</string>
			<key>showEnvVarsInLog</key>
			<string>0</string>
		</dict>
		<key>B68630BB440224CFD3D411E3</key>
		<dict>
			<key>children</key>
			<array>
				<string>2E429DC11EE5BF8D000EF3EE</string>
				<string>2E7C39611EEB1C15007C9EE6</string>
				<string>2E0D97B31EEC54F700F3EE72</string>
				<string>56883397F74C2E5BE816DBA0</string>
				<string>77338ACCDA9C8C9E485299DA</string>
				<string>6F2896645B4F75A5AF34ACEB</string>
				<string>B518A550066B6F3C40C3C318</string>
			</array>
			<key>isa</key>
			<string>PBXGroup</string>
			<key>path</key>
			<string>Modules</string>
			<key>sourceTree</key>
			<string>&lt;group&gt;</string>
		</dict>
		<key>BA75DFED2D9220ACE7DE3F1C</key>
		<dict>
			<key>fileRef</key>
			<string>21E9CD20310C7512AD920CA3</string>
			<key>isa</key>
			<string>PBXBuildFile</string>
		</dict>
		<key>BBD4445F70D291F15BEBD3EE</key>
		<dict>
			<key>fileRef</key>
			<string>164478ADD1A79C163B7C3948</string>
			<key>isa</key>
			<string>PBXBuildFile</string>
		</dict>
		<key>BC1840B4F2AF51A3D99A5914</key>
		<dict>
			<key>includeInIndex</key>
			<string>1</string>
			<key>isa</key>
			<string>PBXFileReference</string>
			<key>lastKnownFileType</key>
			<string>sourcecode.swift</string>
			<key>path</key>
			<string>LoginModuleViewInput.swift</string>
			<key>sourceTree</key>
			<string>&lt;group&gt;</string>
		</dict>
		<key>BE53D98ECB71D34789EDAAAC</key>
		<dict>
			<key>includeInIndex</key>
			<string>1</string>
			<key>isa</key>
			<string>PBXFileReference</string>
			<key>lastKnownFileType</key>
			<string>sourcecode.swift</string>
			<key>path</key>
			<string>MessageModuleInteractor.swift</string>
			<key>sourceTree</key>
			<string>&lt;group&gt;</string>
		</dict>
		<key>BF10B80F88DD0CA2BE81FDC4</key>
		<dict>
			<key>children</key>
			<array>
				<string>F380965DEEA14180011049BA</string>
				<string>5891D34D5761E7B4FED3D22D</string>
			</array>
			<key>isa</key>
			<string>PBXGroup</string>
			<key>path</key>
			<string>Configurator</string>
			<key>sourceTree</key>
			<string>&lt;group&gt;</string>
		</dict>
		<key>BF1B512660F2C77886A6A122</key>
		<dict>
			<key>includeInIndex</key>
			<string>1</string>
			<key>isa</key>
			<string>PBXFileReference</string>
			<key>lastKnownFileType</key>
			<string>sourcecode.swift</string>
			<key>path</key>
			<string>AddChatModuleInteractorInput.swift</string>
			<key>sourceTree</key>
			<string>&lt;group&gt;</string>
		</dict>
		<key>C0B32311CD732E86E50F2BA9</key>
		<dict>
			<key>includeInIndex</key>
			<string>1</string>
			<key>isa</key>
			<string>PBXFileReference</string>
			<key>lastKnownFileType</key>
			<string>sourcecode.swift</string>
			<key>path</key>
			<string>MessageModuleConfigurator.swift</string>
			<key>sourceTree</key>
			<string>&lt;group&gt;</string>
		</dict>
		<key>C146E835B1CE8855DFBF3A0A</key>
		<dict>
			<key>includeInIndex</key>
			<string>1</string>
			<key>isa</key>
			<string>PBXFileReference</string>
			<key>lastKnownFileType</key>
			<string>sourcecode.swift</string>
			<key>path</key>
			<string>AddChatModuleConfiguratorTests.swift</string>
			<key>sourceTree</key>
			<string>&lt;group&gt;</string>
		</dict>
		<key>C175AD1CD568F1EEB6248F4B</key>
		<dict>
			<key>explicitFileType</key>
			<string>wrapper.framework</string>
			<key>includeInIndex</key>
			<string>0</string>
			<key>isa</key>
			<string>PBXFileReference</string>
			<key>path</key>
			<string>Pods_chatTests.framework</string>
			<key>sourceTree</key>
			<string>BUILT_PRODUCTS_DIR</string>
		</dict>
		<key>C1851D5A47E66667CC8B639D</key>
		<dict>
			<key>fileRef</key>
			<string>290C5D319F92D807B913A541</string>
			<key>isa</key>
			<string>PBXBuildFile</string>
		</dict>
		<key>C36487153C3AFB5654293A9B</key>
		<dict>
			<key>fileRef</key>
			<string>4F18D4FA7FC6B25B1F7D2BCF</string>
			<key>isa</key>
			<string>PBXBuildFile</string>
		</dict>
		<key>C59172012D90F338A253A07D</key>
		<dict>
			<key>fileRef</key>
			<string>84B67393D9AEAA21F9496C3C</string>
			<key>isa</key>
			<string>PBXBuildFile</string>
		</dict>
		<key>C5DBBAEBB77F9737B9AE19F3</key>
		<dict>
			<key>fileRef</key>
			<string>C146E835B1CE8855DFBF3A0A</string>
			<key>isa</key>
			<string>PBXBuildFile</string>
		</dict>
		<key>C64BEE4F1B2FADACADEFF49E</key>
		<dict>
			<key>fileRef</key>
			<string>4A2071AB1547954A7D911D9E</string>
			<key>isa</key>
			<string>PBXBuildFile</string>
		</dict>
		<key>C97B5679CC6AE4F93E65D7C2</key>
		<dict>
			<key>children</key>
			<array>
				<string>A2861741576FF47ADB93C304</string>
			</array>
			<key>isa</key>
			<string>PBXGroup</string>
			<key>path</key>
			<string>Presenter</string>
			<key>sourceTree</key>
			<string>&lt;group&gt;</string>
		</dict>
		<key>CA3D4032BD4C56F5341BA8A7</key>
		<dict>
			<key>fileRef</key>
			<string>B2618D351852B14F5A93A407</string>
			<key>isa</key>
			<string>PBXBuildFile</string>
		</dict>
		<key>CA4ABAFCC873B52EB517487B</key>
		<dict>
			<key>includeInIndex</key>
			<string>1</string>
			<key>isa</key>
			<string>PBXFileReference</string>
			<key>lastKnownFileType</key>
			<string>sourcecode.swift</string>
			<key>path</key>
			<string>AddChatModuleRouterTests.swift</string>
			<key>sourceTree</key>
			<string>&lt;group&gt;</string>
		</dict>
		<key>CB734A32A3EC086249FFC3CC</key>
		<dict>
			<key>includeInIndex</key>
			<string>1</string>
			<key>isa</key>
			<string>PBXFileReference</string>
			<key>lastKnownFileType</key>
			<string>sourcecode.swift</string>
			<key>path</key>
			<string>ChatModuleViewTests.swift</string>
			<key>sourceTree</key>
			<string>&lt;group&gt;</string>
		</dict>
		<key>CC58936A38F0C6AFC07D941A</key>
		<dict>
			<key>fileRef</key>
			<string>5879C9C8077751C59E1AC7A9</string>
			<key>isa</key>
			<string>PBXBuildFile</string>
		</dict>
		<key>D0535BF66A7C9676DBB66940</key>
		<dict>
			<key>children</key>
			<array>
				<string>1919DEB8C4C044D3AC8519A5</string>
			</array>
			<key>isa</key>
			<string>PBXGroup</string>
			<key>path</key>
			<string>Presenter</string>
			<key>sourceTree</key>
			<string>&lt;group&gt;</string>
		</dict>
		<key>D1C6CEE137F09BA764D0CEF4</key>
		<dict>
			<key>includeInIndex</key>
			<string>1</string>
			<key>isa</key>
			<string>PBXFileReference</string>
			<key>lastKnownFileType</key>
			<string>sourcecode.swift</string>
			<key>path</key>
			<string>AddChatModuleConfigurator.swift</string>
			<key>sourceTree</key>
			<string>&lt;group&gt;</string>
		</dict>
		<key>D2240C39FF85F2DA0BC075A1</key>
		<dict>
			<key>fileRef</key>
			<string>928D2139937E2650921CD0A1</string>
			<key>isa</key>
			<string>PBXBuildFile</string>
		</dict>
		<key>D310B708E7FE26E623BCF0F8</key>
		<dict>
			<key>fileRef</key>
			<string>F380965DEEA14180011049BA</string>
			<key>isa</key>
			<string>PBXBuildFile</string>
		</dict>
		<key>D32E6BF3A986D8247CE29C49</key>
		<dict>
			<key>fileRef</key>
			<string>44395C6204FD6976A7066319</string>
			<key>isa</key>
			<string>PBXBuildFile</string>
		</dict>
		<key>D6131F209CC894A5B093EAD9</key>
		<dict>
			<key>includeInIndex</key>
			<string>1</string>
			<key>isa</key>
			<string>PBXFileReference</string>
			<key>lastKnownFileType</key>
			<string>sourcecode.swift</string>
			<key>path</key>
			<string>ChatModuleRouterTests.swift</string>
			<key>sourceTree</key>
			<string>&lt;group&gt;</string>
		</dict>
		<key>DB8373CCA93041499C964A28</key>
		<dict>
			<key>includeInIndex</key>
			<string>1</string>
			<key>isa</key>
			<string>PBXFileReference</string>
			<key>lastKnownFileType</key>
			<string>sourcecode.swift</string>
			<key>path</key>
			<string>prefixLoginModuleRouterTests.swift</string>
			<key>sourceTree</key>
			<string>&lt;group&gt;</string>
		</dict>
		<key>DB9B0D3ECBB05B3B2C0E9794</key>
		<dict>
			<key>children</key>
			<array>
				<string>CB734A32A3EC086249FFC3CC</string>
			</array>
			<key>isa</key>
			<string>PBXGroup</string>
			<key>path</key>
			<string>View</string>
			<key>sourceTree</key>
			<string>&lt;group&gt;</string>
		</dict>
		<key>DE3EA8932E1AD6858F998E02</key>
		<dict>
			<key>includeInIndex</key>
			<string>1</string>
			<key>isa</key>
			<string>PBXFileReference</string>
			<key>lastKnownFileType</key>
			<string>sourcecode.swift</string>
			<key>path</key>
			<string>LoginModuleInteractor.swift</string>
			<key>sourceTree</key>
			<string>&lt;group&gt;</string>
		</dict>
		<key>DEE7716FACDBE70309F0AC42</key>
		<dict>
			<key>children</key>
			<array>
				<string>8B09B073D372F7884635C98D</string>
			</array>
			<key>isa</key>
			<string>PBXGroup</string>
			<key>path</key>
			<string>Configurator</string>
			<key>sourceTree</key>
			<string>&lt;group&gt;</string>
		</dict>
		<key>E1ABF9CEA3475AAEFC8DCBC5</key>
		<dict>
			<key>fileRef</key>
			<string>DB8373CCA93041499C964A28</string>
			<key>isa</key>
			<string>PBXBuildFile</string>
		</dict>
		<key>E2106068CA937358BA74DE44</key>
		<dict>
			<key>includeInIndex</key>
			<string>1</string>
			<key>isa</key>
			<string>PBXFileReference</string>
			<key>lastKnownFileType</key>
			<string>sourcecode.swift</string>
			<key>path</key>
			<string>LoginModuleConfigurator.swift</string>
			<key>sourceTree</key>
			<string>&lt;group&gt;</string>
		</dict>
		<key>E271C77876F63B3DC4DAD1A0</key>
		<dict>
			<key>children</key>
			<array>
				<string>8D9DE1CC237AEC5B252546FD</string>
			</array>
			<key>isa</key>
			<string>PBXGroup</string>
			<key>path</key>
			<string>Configurator</string>
			<key>sourceTree</key>
			<string>&lt;group&gt;</string>
		</dict>
		<key>E3F2F5F73C1998A6346FCFD6</key>
		<dict>
			<key>includeInIndex</key>
			<string>1</string>
			<key>isa</key>
			<string>PBXFileReference</string>
			<key>lastKnownFileType</key>
			<string>sourcecode.swift</string>
			<key>path</key>
			<string>AddChatModuleModuleInput.swift</string>
			<key>sourceTree</key>
			<string>&lt;group&gt;</string>
		</dict>
		<key>E4C5BE00EFCB2380A4B8BD06</key>
		<dict>
			<key>children</key>
			<array>
				<string>44395C6204FD6976A7066319</string>
				<string>19052B19F9490397B262E10B</string>
				<string>DE3EA8932E1AD6858F998E02</string>
			</array>
			<key>isa</key>
			<string>PBXGroup</string>
			<key>path</key>
			<string>Interactor</string>
			<key>sourceTree</key>
			<string>&lt;group&gt;</string>
		</dict>
		<key>E7598E964A23B37AF44BA752</key>
		<dict>
			<key>fileRef</key>
			<string>A77936FAF8191F7029EF9ED1</string>
			<key>isa</key>
			<string>PBXBuildFile</string>
		</dict>
		<key>E7F2E4EA90CFF94AAC66C7E8</key>
		<dict>
			<key>includeInIndex</key>
			<string>1</string>
			<key>isa</key>
			<string>PBXFileReference</string>
			<key>lastKnownFileType</key>
			<string>sourcecode.swift</string>
			<key>path</key>
			<string>ChatModulePresenterTests.swift</string>
			<key>sourceTree</key>
			<string>&lt;group&gt;</string>
		</dict>
		<key>E82FA7C87EC42E15CADA54AD</key>
		<dict>
			<key>children</key>
			<array>
				<string>F8A502796F7D8111E277F582</string>
			</array>
			<key>isa</key>
			<string>PBXGroup</string>
			<key>path</key>
			<string>View</string>
			<key>sourceTree</key>
			<string>&lt;group&gt;</string>
		</dict>
		<key>E99560B8BD7390ACB01DFA31</key>
		<dict>
			<key>includeInIndex</key>
			<string>1</string>
			<key>isa</key>
			<string>PBXFileReference</string>
			<key>lastKnownFileType</key>
			<string>sourcecode.swift</string>
			<key>path</key>
			<string>MessageModulePresenter.swift</string>
			<key>sourceTree</key>
			<string>&lt;group&gt;</string>
		</dict>
		<key>EAE697490DBBA96156E93715</key>
		<dict>
			<key>fileRef</key>
			<string>0FC2A7BFAE6F902CAF7F5A68</string>
			<key>isa</key>
			<string>PBXBuildFile</string>
		</dict>
		<key>EB3DEBD48F784CF789331E45</key>
		<dict>
			<key>fileRef</key>
			<string>BE53D98ECB71D34789EDAAAC</string>
			<key>isa</key>
			<string>PBXBuildFile</string>
		</dict>
		<key>EBF955081921F8859BC66826</key>
		<dict>
			<key>children</key>
			<array>
				<string>BC1840B4F2AF51A3D99A5914</string>
				<string>21D22443C304BEE77F1DC98D</string>
				<string>2FB23536E7C93399426F2A05</string>
			</array>
			<key>isa</key>
			<string>PBXGroup</string>
			<key>path</key>
			<string>View</string>
			<key>sourceTree</key>
			<string>&lt;group&gt;</string>
		</dict>
		<key>EF16258BB6D7E2109CEDFD83</key>
		<dict>
			<key>children</key>
			<array>
				<string>24BDC35F67DBEAE7E3730350</string>
				<string>4063C3AFA21DC5B14A7C3F56</string>
			</array>
			<key>isa</key>
			<string>PBXGroup</string>
			<key>path</key>
			<string>Presenter</string>
			<key>sourceTree</key>
			<string>&lt;group&gt;</string>
		</dict>
		<key>EF31B28B88C08246E5688B3D</key>
		<dict>
			<key>children</key>
			<array>
				<string>84B67393D9AEAA21F9496C3C</string>
			</array>
			<key>isa</key>
			<string>PBXGroup</string>
			<key>name</key>
			<string>View</string>
			<key>path</key>
			<string>View</string>
			<key>sourceTree</key>
			<string>&lt;group&gt;</string>
		</dict>
		<key>EFDF4EDE0652E93BC4C5BEB3</key>
		<dict>
			<key>includeInIndex</key>
			<string>1</string>
			<key>isa</key>
			<string>PBXFileReference</string>
			<key>lastKnownFileType</key>
			<string>sourcecode.swift</string>
			<key>path</key>
			<string>LoginModuleRouter.swift</string>
			<key>sourceTree</key>
			<string>&lt;group&gt;</string>
		</dict>
		<key>F18DDF2B0F10395EB98EC386</key>
		<dict>
			<key>fileRef</key>
			<string>8D9DE1CC237AEC5B252546FD</string>
			<key>isa</key>
			<string>PBXBuildFile</string>
		</dict>
		<key>F380965DEEA14180011049BA</key>
		<dict>
			<key>includeInIndex</key>
			<string>1</string>
			<key>isa</key>
			<string>PBXFileReference</string>
			<key>lastKnownFileType</key>
			<string>sourcecode.swift</string>
			<key>path</key>
			<string>ChatModuleConfigurator.swift</string>
			<key>sourceTree</key>
			<string>&lt;group&gt;</string>
		</dict>
		<key>F48218FDE2C09BC2C899CAE9</key>
		<dict>
			<key>children</key>
			<array>
				<string>D6131F209CC894A5B093EAD9</string>
			</array>
			<key>isa</key>
			<string>PBXGroup</string>
			<key>path</key>
			<string>Router</string>
			<key>sourceTree</key>
			<string>&lt;group&gt;</string>
		</dict>
		<key>F4B7D55EFA832413C494AAA6</key>
		<dict>
			<key>includeInIndex</key>
			<string>1</string>
			<key>isa</key>
			<string>PBXFileReference</string>
			<key>lastKnownFileType</key>
			<string>sourcecode.swift</string>
			<key>path</key>
			<string>AddChatModuleInteractorOutput.swift</string>
			<key>sourceTree</key>
			<string>&lt;group&gt;</string>
		</dict>
		<key>F7C039303CBD42F50D51B3BB</key>
		<dict>
			<key>includeInIndex</key>
			<string>1</string>
			<key>isa</key>
			<string>PBXFileReference</string>
			<key>lastKnownFileType</key>
			<string>sourcecode.swift</string>
			<key>path</key>
			<string>ChatModuleRouterInput.swift</string>
			<key>sourceTree</key>
			<string>&lt;group&gt;</string>
		</dict>
		<key>F8A502796F7D8111E277F582</key>
		<dict>
			<key>includeInIndex</key>
			<string>1</string>
			<key>isa</key>
			<string>PBXFileReference</string>
			<key>lastKnownFileType</key>
			<string>sourcecode.swift</string>
			<key>path</key>
			<string>MessageModuleViewTests.swift</string>
			<key>sourceTree</key>
			<string>&lt;group&gt;</string>
		</dict>
		<key>FA81786308B17E195742CE17</key>
		<dict>
			<key>children</key>
			<array>
				<string>ABA428B353A388017FFDD837</string>
				<string>E99560B8BD7390ACB01DFA31</string>
			</array>
			<key>isa</key>
			<string>PBXGroup</string>
			<key>path</key>
			<string>Presenter</string>
			<key>sourceTree</key>
			<string>&lt;group&gt;</string>
		</dict>
		<key>FD82412088EB668E594592FD</key>
		<dict>
			<key>children</key>
			<array>
				<string>A77936FAF8191F7029EF9ED1</string>
				<string>6C31100C00BC952FDD05ABF8</string>
			</array>
			<key>isa</key>
			<string>PBXGroup</string>
			<key>path</key>
			<string>Presenter</string>
			<key>sourceTree</key>
			<string>&lt;group&gt;</string>
		</dict>
		<key>FF0EFE4B115A74FE1046EEB7</key>
		<dict>
			<key>fileRef</key>
			<string>A5D67A4E94EDC9D9E81237E2</string>
			<key>isa</key>
			<string>PBXBuildFile</string>
		</dict>
	</dict>
	<key>rootObject</key>
	<string>2E429DB21EE5BF8D000EF3EE</string>
</dict>
</plist>
